{
  "version": 4,
  "terraform_version": "1.4.2",
  "serial": 1018,
  "lineage": "1aa8ca24-0802-c1d8-b6a3-a6b581682191",
  "outputs": {
    "annotator_client_secret": {
      "value": "dMzSxPjgD7OO6f7YYqLNrTExWRk9xyuI",
      "type": "string",
      "sensitive": true
    },
    "mediacms_client_secret": {
      "value": "tD3up7fRbA5nzb9IJLIEaQdFKYNuXver",
      "type": "string",
      "sensitive": true
    }
  },
  "resources": [
    {
      "mode": "data",
      "type": "keycloak_openid_client",
      "name": "realm_management",
      "provider": "provider[\"registry.terraform.io/keycloak/keycloak\"]",
      "instances": [
        {
          "schema_version": 0,
          "attributes": {
            "access_token_lifespan": "",
            "access_type": "BEARER-ONLY",
            "admin_url": "",
            "allow_refresh_token_in_standard_token_exchange": "",
            "always_display_in_console": false,
            "authentication_flow_binding_overrides": [],
            "authorization": [],
            "backchannel_logout_revoke_offline_sessions": false,
            "backchannel_logout_session_required": false,
            "backchannel_logout_url": "",
            "base_url": "",
            "client_authenticator_type": "client-secret",
            "client_id": "realm-management",
            "client_offline_session_idle_timeout": "",
            "client_offline_session_max_lifespan": "",
            "client_secret": "",
            "client_session_idle_timeout": "",
            "client_session_max_lifespan": "",
            "consent_required": false,
            "consent_screen_text": "",
            "description": "",
            "direct_access_grants_enabled": false,
            "display_on_consent_screen": false,
            "enabled": true,
            "exclude_issuer_from_auth_response": null,
            "exclude_session_state_from_auth_response": null,
            "extra_config": {},
            "frontchannel_logout_enabled": false,
            "frontchannel_logout_url": "",
            "full_scope_allowed": false,
            "id": "f3d0cdb7-e994-44a7-9f3d-8a2f9d26c3e0",
            "implicit_flow_enabled": false,
            "login_theme": "",
            "name": "${client_realm-management}",
            "oauth2_device_authorization_grant_enabled": false,
            "oauth2_device_code_lifespan": "",
            "oauth2_device_polling_interval": "",
            "pkce_code_challenge_method": null,
            "realm_id": "record-manager",
            "resource_server_id": null,
            "root_url": "",
            "service_account_user_id": "",
            "service_accounts_enabled": false,
            "standard_flow_enabled": true,
            "standard_token_exchange_enabled": false,
            "use_refresh_tokens": false,
            "use_refresh_tokens_client_credentials": false,
            "valid_post_logout_redirect_uris": [
              "+"
            ],
            "valid_redirect_uris": [],
            "web_origins": []
          },
          "sensitive_attributes": []
        }
      ]
    },
    {
      "mode": "data",
      "type": "keycloak_openid_client_scope",
      "name": "email",
      "provider": "provider[\"registry.terraform.io/keycloak/keycloak\"]",
      "instances": [
        {
          "schema_version": 0,
          "attributes": {
            "consent_screen_text": "${emailScopeConsentText}",
            "description": "OpenID Connect built-in scope: email",
            "gui_order": null,
            "id": "49bed86e-7929-445d-b6ea-2cac60eef02a",
            "include_in_token_scope": true,
            "name": "email",
            "realm_id": "record-manager"
          },
          "sensitive_attributes": []
        }
      ]
    },
    {
      "mode": "data",
      "type": "keycloak_openid_client_scope",
      "name": "profile",
      "provider": "provider[\"registry.terraform.io/keycloak/keycloak\"]",
      "instances": [
        {
          "schema_version": 0,
          "attributes": {
            "consent_screen_text": "${profileScopeConsentText}",
            "description": "OpenID Connect built-in scope: profile",
            "gui_order": null,
            "id": "4f72e822-0eb8-4b82-985f-aa4ceba3f75a",
            "include_in_token_scope": true,
            "name": "profile",
            "realm_id": "record-manager"
          },
          "sensitive_attributes": []
        }
      ]
    },
    {
      "mode": "data",
      "type": "keycloak_role",
      "name": "realm_management_impersonation",
      "provider": "provider[\"registry.terraform.io/keycloak/keycloak\"]",
      "instances": [
        {
          "schema_version": 0,
          "attributes": {
            "attributes": {},
            "client_id": "f3d0cdb7-e994-44a7-9f3d-8a2f9d26c3e0",
            "composite_roles": [],
            "description": "${role_impersonation}",
            "id": "621fb44a-d34a-4085-9573-6d3b1afea63d",
            "name": "impersonation",
            "realm_id": "record-manager"
          },
          "sensitive_attributes": []
        }
      ]
    },
    {
      "mode": "managed",
      "type": "keycloak_group",
      "name": "role_groups",
      "provider": "provider[\"registry.terraform.io/keycloak/keycloak\"]",
      "instances": [
        {
          "index_key": "admin-role-group",
          "schema_version": 0,
          "attributes": {
            "attributes": {},
            "id": "329f3f75-c505-4ab4-87cd-d884bb76076c",
            "name": "admin-role-group",
            "parent_id": null,
            "path": "/admin-role-group",
            "realm_id": "record-manager"
          },
          "sensitive_attributes": [],
          "private": "bnVsbA=="
        },
        {
          "index_key": "data-collection-coordinator-role-group",
          "schema_version": 0,
          "attributes": {
            "attributes": {},
            "id": "53ac01c7-d1c5-4c37-a285-ae1aa6d4ed04",
            "name": "data-collection-coordinator-role-group",
            "parent_id": null,
            "path": "/data-collection-coordinator-role-group",
            "realm_id": "record-manager"
          },
          "sensitive_attributes": [],
          "private": "bnVsbA=="
        },
        {
          "index_key": "entry-clerk-role-group",
          "schema_version": 0,
          "attributes": {
            "attributes": {},
            "id": "8ae2cae6-f1a7-4f27-a4cc-f83b33a0a3e6",
            "name": "entry-clerk-role-group",
            "parent_id": null,
            "path": "/entry-clerk-role-group",
            "realm_id": "record-manager"
          },
          "sensitive_attributes": [],
          "private": "bnVsbA=="
        },
        {
          "index_key": "organization-manager-role-group",
          "schema_version": 0,
          "attributes": {
            "attributes": {},
            "id": "1173e267-4cb7-4464-b2e7-e3ff6ae997d5",
            "name": "organization-manager-role-group",
            "parent_id": null,
            "path": "/organization-manager-role-group",
            "realm_id": "record-manager"
          },
          "sensitive_attributes": [],
          "private": "bnVsbA=="
        },
        {
          "index_key": "reviewer-role-group",
          "schema_version": 0,
          "attributes": {
            "attributes": {},
            "id": "9f36174d-9a1e-4131-af83-a0eff10167cb",
            "name": "reviewer-role-group",
            "parent_id": null,
            "path": "/reviewer-role-group",
            "realm_id": "record-manager"
          },
          "sensitive_attributes": [],
          "private": "bnVsbA=="
        }
      ]
    },
    {
      "mode": "managed",
      "type": "keycloak_group_roles",
      "name": "group_role_assignments",
      "provider": "provider[\"registry.terraform.io/keycloak/keycloak\"]",
      "instances": [
        {
          "index_key": "admin-role-group",
          "schema_version": 0,
          "attributes": {
            "exhaustive": true,
            "group_id": "329f3f75-c505-4ab4-87cd-d884bb76076c",
            "id": "record-manager/329f3f75-c505-4ab4-87cd-d884bb76076c",
            "realm_id": "record-manager",
            "role_ids": [
              "0214478f-606e-4aa3-9310-fb5091765e9b",
              "073aae69-186b-4f72-b5c3-c405a40a6b72",
              "13e67f6f-40d8-47bd-a7b5-c14db49a54e1",
              "21fc13b2-6c48-4ab4-bfef-4cf0248505b6",
              "28417b5c-0c6c-44ab-8133-4ee98cf1f9b9",
              "46c78755-0d34-43fe-a70f-ab60c2041e0e",
              "518bdccc-a9c7-4a25-82f4-6ee029e6e189",
              "64d5f6bf-aefb-4306-91b9-94ffd2db85c7",
              "7bf7ce8a-4e99-4d0a-adc2-b8a3c7c90ced",
              "92b8da66-99fb-4b78-bf16-e152de4b329d",
              "9ad830d5-7b7d-4d83-9d30-3f03ffb28b5f",
              "9c209557-b3d1-440f-9cc7-ceb3a6d7d7ea",
              "a6526df2-2ee4-4cb8-b069-505b7974c394",
              "a7e6e936-6ef2-4d84-bf6b-2caed09d5e9f",
              "b39bf701-9b95-44a7-87f4-0fb9690b347a",
              "c9fed522-7c3a-4050-86e7-3083aeca7db9",
              "ddc05812-191a-41d4-867f-7b02f8e1d1e4",
              "e526fa86-968e-4930-93dc-220ab0f19027",
              "f004585c-ecad-4e7a-83f2-e6b7b76e2877",
              "f7ea1bfd-922d-48f7-ad8f-411e29376f5f"
            ]
          },
          "sensitive_attributes": [],
          "private": "bnVsbA==",
          "dependencies": [
            "keycloak_group.role_groups",
            "keycloak_role.realm_roles"
          ]
        },
        {
          "index_key": "data-collection-coordinator-role-group",
          "schema_version": 0,
          "attributes": {
            "exhaustive": true,
            "group_id": "53ac01c7-d1c5-4c37-a285-ae1aa6d4ed04",
            "id": "record-manager/53ac01c7-d1c5-4c37-a285-ae1aa6d4ed04",
            "realm_id": "record-manager",
            "role_ids": [
              "073aae69-186b-4f72-b5c3-c405a40a6b72",
              "13e67f6f-40d8-47bd-a7b5-c14db49a54e1",
              "28417b5c-0c6c-44ab-8133-4ee98cf1f9b9",
              "46c78755-0d34-43fe-a70f-ab60c2041e0e",
              "64d5f6bf-aefb-4306-91b9-94ffd2db85c7",
              "7bf7ce8a-4e99-4d0a-adc2-b8a3c7c90ced",
              "9c209557-b3d1-440f-9cc7-ceb3a6d7d7ea",
              "a6526df2-2ee4-4cb8-b069-505b7974c394",
              "b39bf701-9b95-44a7-87f4-0fb9690b347a",
              "c9fed522-7c3a-4050-86e7-3083aeca7db9",
              "ddc05812-191a-41d4-867f-7b02f8e1d1e4",
              "f004585c-ecad-4e7a-83f2-e6b7b76e2877",
              "f7ea1bfd-922d-48f7-ad8f-411e29376f5f"
            ]
          },
          "sensitive_attributes": [],
          "private": "bnVsbA==",
          "dependencies": [
            "keycloak_group.role_groups",
            "keycloak_role.realm_roles"
          ]
        },
        {
          "index_key": "entry-clerk-role-group",
          "schema_version": 0,
          "attributes": {
            "exhaustive": true,
            "group_id": "8ae2cae6-f1a7-4f27-a4cc-f83b33a0a3e6",
            "id": "record-manager/8ae2cae6-f1a7-4f27-a4cc-f83b33a0a3e6",
            "realm_id": "record-manager",
            "role_ids": [
              "7bf7ce8a-4e99-4d0a-adc2-b8a3c7c90ced",
              "b39bf701-9b95-44a7-87f4-0fb9690b347a",
              "c9fed522-7c3a-4050-86e7-3083aeca7db9"
            ]
          },
          "sensitive_attributes": [],
          "private": "bnVsbA==",
          "dependencies": [
            "keycloak_group.role_groups",
            "keycloak_role.realm_roles"
          ]
        },
        {
          "index_key": "organization-manager-role-group",
          "schema_version": 0,
          "attributes": {
            "exhaustive": true,
            "group_id": "1173e267-4cb7-4464-b2e7-e3ff6ae997d5",
            "id": "record-manager/1173e267-4cb7-4464-b2e7-e3ff6ae997d5",
            "realm_id": "record-manager",
            "role_ids": [
              "073aae69-186b-4f72-b5c3-c405a40a6b72",
              "13e67f6f-40d8-47bd-a7b5-c14db49a54e1",
              "7bf7ce8a-4e99-4d0a-adc2-b8a3c7c90ced",
              "b39bf701-9b95-44a7-87f4-0fb9690b347a",
              "c9fed522-7c3a-4050-86e7-3083aeca7db9",
              "ddc05812-191a-41d4-867f-7b02f8e1d1e4",
              "f004585c-ecad-4e7a-83f2-e6b7b76e2877",
              "f7ea1bfd-922d-48f7-ad8f-411e29376f5f"
            ]
          },
          "sensitive_attributes": [],
          "private": "bnVsbA==",
          "dependencies": [
            "keycloak_group.role_groups",
            "keycloak_role.realm_roles"
          ]
        },
        {
          "index_key": "reviewer-role-group",
          "schema_version": 0,
          "attributes": {
            "exhaustive": true,
            "group_id": "9f36174d-9a1e-4131-af83-a0eff10167cb",
            "id": "record-manager/9f36174d-9a1e-4131-af83-a0eff10167cb",
            "realm_id": "record-manager",
            "role_ids": [
              "9c209557-b3d1-440f-9cc7-ceb3a6d7d7ea",
              "b39bf701-9b95-44a7-87f4-0fb9690b347a"
            ]
          },
          "sensitive_attributes": [],
          "private": "bnVsbA==",
          "dependencies": [
            "keycloak_group.role_groups",
            "keycloak_role.realm_roles"
          ]
        }
      ]
    },
    {
      "mode": "managed",
      "type": "keycloak_openid_client",
      "name": "annotator",
      "provider": "provider[\"registry.terraform.io/keycloak/keycloak\"]",
      "instances": [
        {
          "schema_version": 0,
          "attributes": {
            "access_token_lifespan": "",
            "access_type": "CONFIDENTIAL",
            "admin_url": "",
            "allow_refresh_token_in_standard_token_exchange": "",
            "always_display_in_console": false,
            "authentication_flow_binding_overrides": [],
            "authorization": [],
            "backchannel_logout_revoke_offline_sessions": false,
            "backchannel_logout_session_required": true,
            "backchannel_logout_url": "",
            "base_url": "",
            "client_authenticator_type": "client-secret",
            "client_id": "media-asset-annotator",
            "client_offline_session_idle_timeout": "",
            "client_offline_session_max_lifespan": "",
            "client_secret": "dMzSxPjgD7OO6f7YYqLNrTExWRk9xyuI",
            "client_secret_regenerate_when_changed": null,
            "client_secret_wo": null,
            "client_secret_wo_version": null,
            "client_session_idle_timeout": "",
            "client_session_max_lifespan": "",
            "consent_required": false,
            "consent_screen_text": "",
            "description": "",
            "direct_access_grants_enabled": false,
            "display_on_consent_screen": false,
            "enabled": true,
            "exclude_issuer_from_auth_response": null,
            "exclude_session_state_from_auth_response": null,
            "extra_config": {},
            "frontchannel_logout_enabled": false,
            "frontchannel_logout_url": "",
            "full_scope_allowed": true,
            "id": "73b74445-dcf2-4885-b6fa-3d2b7d086ab2",
            "implicit_flow_enabled": false,
            "import": false,
            "login_theme": "",
            "name": "Media Asset Annotator",
            "oauth2_device_authorization_grant_enabled": false,
            "oauth2_device_code_lifespan": "",
            "oauth2_device_polling_interval": "",
            "pkce_code_challenge_method": null,
            "realm_id": "record-manager",
            "resource_server_id": null,
            "root_url": "",
            "service_account_user_id": "",
            "service_accounts_enabled": false,
            "standard_flow_enabled": true,
            "standard_token_exchange_enabled": false,
            "use_refresh_tokens": true,
            "use_refresh_tokens_client_credentials": false,
            "valid_post_logout_redirect_uris": [
              "http://localhost:1235/*"
            ],
            "valid_redirect_uris": [
              "http://localhost:1235/oauth2/callback"
            ],
            "web_origins": [
              "http://localhost:1235"
            ]
          },
          "sensitive_attributes": [],
          "private": "bnVsbA==",
          "dependencies": [
            "keycloak_realm.realm"
          ]
        }
      ]
    },
    {
      "mode": "managed",
      "type": "keycloak_openid_client",
      "name": "mediacms",
      "provider": "provider[\"registry.terraform.io/keycloak/keycloak\"]",
      "instances": [
        {
          "schema_version": 0,
          "attributes": {
            "access_token_lifespan": "",
            "access_type": "CONFIDENTIAL",
            "admin_url": "",
            "allow_refresh_token_in_standard_token_exchange": "",
            "always_display_in_console": false,
            "authentication_flow_binding_overrides": [],
            "authorization": [],
            "backchannel_logout_revoke_offline_sessions": false,
            "backchannel_logout_session_required": true,
            "backchannel_logout_url": "",
            "base_url": "",
            "client_authenticator_type": "client-secret",
            "client_id": "mediacms",
            "client_offline_session_idle_timeout": "",
            "client_offline_session_max_lifespan": "",
            "client_secret": "tD3up7fRbA5nzb9IJLIEaQdFKYNuXver",
            "client_secret_regenerate_when_changed": null,
            "client_secret_wo": null,
            "client_secret_wo_version": null,
            "client_session_idle_timeout": "",
            "client_session_max_lifespan": "",
            "consent_required": false,
            "consent_screen_text": "",
            "description": "",
            "direct_access_grants_enabled": false,
            "display_on_consent_screen": false,
            "enabled": true,
            "exclude_issuer_from_auth_response": null,
            "exclude_session_state_from_auth_response": null,
            "extra_config": {},
            "frontchannel_logout_enabled": false,
            "frontchannel_logout_url": "",
            "full_scope_allowed": true,
            "id": "36b07fb7-a261-40c1-9209-49179ab14d22",
            "implicit_flow_enabled": false,
            "import": false,
            "login_theme": "",
            "name": "MediaCMS",
            "oauth2_device_authorization_grant_enabled": false,
            "oauth2_device_code_lifespan": "",
            "oauth2_device_polling_interval": "",
            "pkce_code_challenge_method": null,
            "realm_id": "record-manager",
            "resource_server_id": null,
            "root_url": "",
            "service_account_user_id": "",
            "service_accounts_enabled": false,
            "standard_flow_enabled": true,
            "standard_token_exchange_enabled": false,
            "use_refresh_tokens": true,
            "use_refresh_tokens_client_credentials": false,
            "valid_post_logout_redirect_uris": [
              "http://localhost:2080/*"
            ],
            "valid_redirect_uris": [
              "http://localhost:2080/accounts/oidc/keycloak/login/callback/"
            ],
            "web_origins": [
              "http://localhost:2080"
            ]
          },
          "sensitive_attributes": [],
          "private": "bnVsbA==",
          "dependencies": [
            "keycloak_realm.realm"
          ]
        }
      ]
    },
    {
      "mode": "managed",
      "type": "keycloak_openid_client_default_scopes",
      "name": "annotator_default_scopes",
      "provider": "provider[\"registry.terraform.io/keycloak/keycloak\"]",
      "instances": [
        {
          "schema_version": 0,
          "attributes": {
            "client_id": "73b74445-dcf2-4885-b6fa-3d2b7d086ab2",
            "default_scopes": [
              "email",
              "profile",
              "realm-roles"
            ],
            "id": "record-manager/73b74445-dcf2-4885-b6fa-3d2b7d086ab2",
            "realm_id": "record-manager"
          },
          "sensitive_attributes": [],
          "private": "bnVsbA==",
          "dependencies": [
            "data.keycloak_openid_client_scope.email",
            "data.keycloak_openid_client_scope.profile",
            "keycloak_openid_client.annotator",
            "keycloak_openid_client_scope.realm_roles_scope",
            "keycloak_realm.realm"
          ]
        }
      ]
    },
    {
      "mode": "managed",
      "type": "keycloak_openid_client_default_scopes",
      "name": "mediacms_default_scopes",
      "provider": "provider[\"registry.terraform.io/keycloak/keycloak\"]",
      "instances": [
        {
          "schema_version": 0,
          "attributes": {
            "client_id": "36b07fb7-a261-40c1-9209-49179ab14d22",
            "default_scopes": [
              "email",
              "profile",
              "realm-roles"
            ],
            "id": "record-manager/36b07fb7-a261-40c1-9209-49179ab14d22",
            "realm_id": "record-manager"
          },
          "sensitive_attributes": [],
          "private": "bnVsbA==",
          "dependencies": [
            "data.keycloak_openid_client_scope.email",
            "data.keycloak_openid_client_scope.profile",
            "keycloak_openid_client.mediacms",
            "keycloak_openid_client_scope.realm_roles_scope",
            "keycloak_realm.realm"
          ]
        }
      ]
    },
    {
      "mode": "managed",
      "type": "keycloak_openid_client_scope",
      "name": "realm_roles_scope",
      "provider": "provider[\"registry.terraform.io/keycloak/keycloak\"]",
      "instances": [
        {
          "schema_version": 0,
          "attributes": {
            "consent_screen_text": null,
            "description": "Adds realm roles to access tokens",
            "gui_order": null,
            "id": "d5aafdcb-0575-40ff-bc78-d2a0ef8e0f44",
            "include_in_token_scope": true,
            "name": "realm-roles",
            "realm_id": "record-manager"
          },
          "sensitive_attributes": [],
          "private": "bnVsbA==",
          "dependencies": [
            "keycloak_realm.realm"
          ]
        }
      ]
    },
    {
      "mode": "managed",
      "type": "keycloak_openid_user_realm_role_protocol_mapper",
      "name": "realm_roles_mapper",
      "provider": "provider[\"registry.terraform.io/keycloak/keycloak\"]",
      "instances": [
        {
          "schema_version": 0,
          "attributes": {
            "add_to_access_token": true,
            "add_to_id_token": false,
            "add_to_token_introspection": true,
            "add_to_userinfo": false,
            "claim_name": "realm_access.roles",
            "claim_value_type": "String",
            "client_id": null,
            "client_scope_id": "d5aafdcb-0575-40ff-bc78-d2a0ef8e0f44",
            "id": "1ff47402-37f3-4961-a2d0-8c35fedd94a0",
            "multivalued": true,
            "name": "realm roles",
            "realm_id": "record-manager",
            "realm_role_prefix": ""
          },
          "sensitive_attributes": [],
          "private": "bnVsbA==",
          "dependencies": [
            "keycloak_openid_client_scope.realm_roles_scope",
            "keycloak_realm.realm"
          ]
        }
      ]
    },
    {
      "mode": "managed",
      "type": "keycloak_realm",
      "name": "realm",
      "provider": "provider[\"registry.terraform.io/keycloak/keycloak\"]",
      "instances": [
        {
          "schema_version": 0,
          "attributes": {
            "access_code_lifespan": "1m0s",
            "access_code_lifespan_login": "30m0s",
            "access_code_lifespan_user_action": "5m0s",
            "access_token_lifespan": "5m0s",
            "access_token_lifespan_for_implicit_flow": "15m0s",
            "account_theme": "",
            "action_token_generated_by_admin_lifespan": "12h0m0s",
            "action_token_generated_by_user_lifespan": "5m0s",
            "admin_theme": "",
            "attributes": {},
            "browser_flow": "browser",
            "client_authentication_flow": "clients",
            "client_session_idle_timeout": "0s",
            "client_session_max_lifespan": "0s",
            "default_default_client_scopes": [],
            "default_optional_client_scopes": [],
            "default_signature_algorithm": "",
            "direct_grant_flow": "direct grant",
            "display_name": "",
            "display_name_html": "",
            "docker_authentication_flow": "docker auth",
            "duplicate_emails_allowed": false,
            "edit_username_allowed": false,
            "email_theme": "",
            "enabled": true,
            "first_broker_login_flow": null,
            "id": "record-manager",
            "internal_id": "7647bef1-9609-47ff-9547-1071b1d6379b",
            "internationalization": [],
            "login_theme": "",
            "login_with_email_allowed": true,
            "oauth2_device_code_lifespan": "10m0s",
            "oauth2_device_polling_interval": 5,
            "offline_session_idle_timeout": "720h0m0s",
            "offline_session_max_lifespan": "1440h0m0s",
            "offline_session_max_lifespan_enabled": false,
            "organizations_enabled": false,
            "otp_policy": [
              {
                "algorithm": "HmacSHA1",
                "digits": 6,
                "initial_counter": 0,
                "look_ahead_window": 1,
                "period": 30,
                "type": "totp"
              }
            ],
            "password_policy": "",
            "realm": "record-manager",
            "refresh_token_max_reuse": 0,
            "registration_allowed": false,
            "registration_email_as_username": false,
            "registration_flow": "registration",
            "remember_me": false,
            "reset_credentials_flow": "reset credentials",
            "reset_password_allowed": false,
            "revoke_refresh_token": false,
            "security_defenses": [],
            "smtp_server": [],
            "ssl_required": "external",
            "sso_session_idle_timeout": "30m0s",
            "sso_session_idle_timeout_remember_me": "0s",
            "sso_session_max_lifespan": "10h0m0s",
            "sso_session_max_lifespan_remember_me": "0s",
            "user_managed_access": false,
            "verify_email": false,
            "web_authn_passwordless_policy": [
              {
                "acceptable_aaguids": [],
                "attestation_conveyance_preference": "not specified",
                "authenticator_attachment": "not specified",
                "avoid_same_authenticator_register": false,
                "create_timeout": 0,
                "extra_origins": [],
                "relying_party_entity_name": "keycloak",
                "relying_party_id": "",
                "require_resident_key": "not specified",
                "signature_algorithms": [
                  "ES256"
                ],
                "user_verification_requirement": "not specified"
              }
            ],
            "web_authn_policy": [
              {
                "acceptable_aaguids": [],
                "attestation_conveyance_preference": "not specified",
                "authenticator_attachment": "not specified",
                "avoid_same_authenticator_register": false,
                "create_timeout": 0,
                "extra_origins": [],
                "relying_party_entity_name": "keycloak",
                "relying_party_id": "",
                "require_resident_key": "not specified",
                "signature_algorithms": [
                  "ES256"
                ],
                "user_verification_requirement": "not specified"
              }
            ]
          },
          "sensitive_attributes": [],
          "private": "bnVsbA=="
        }
      ]
    },
    {
      "mode": "managed",
      "type": "keycloak_role",
      "name": "impersonate_role_composite",
      "provider": "provider[\"registry.terraform.io/keycloak/keycloak\"]",
      "instances": [
        {
          "schema_version": 0,
          "attributes": {
            "attributes": {},
            "client_id": "",
            "composite_roles": [
              "621fb44a-d34a-4085-9573-6d3b1afea63d"
            ],
            "description": "",
            "id": "3901ced0-320e-4dcc-a71b-06c9e774594f",
            "import": false,
            "name": "impersonate-role",
            "realm_id": "record-manager"
          },
          "sensitive_attributes": [],
          "private": "bnVsbA==",
          "dependencies": [
            "data.keycloak_openid_client.realm_management",
            "data.keycloak_role.realm_management_impersonation"
          ]
        }
      ]
    },
    {
      "mode": "managed",
      "type": "keycloak_role",
      "name": "realm_roles",
      "provider": "provider[\"registry.terraform.io/keycloak/keycloak\"]",
      "instances": [
        {
          "index_key": "annotator-access-role",
          "schema_version": 0,
          "attributes": {
            "attributes": {},
            "client_id": "",
            "composite_roles": [],
            "description": "    Allows users to access the media asset annotator.\n",
            "id": "356ab95e-c57e-4112-8363-7646393fbd73",
            "import": false,
            "name": "annotator-access-role",
            "realm_id": "record-manager"
          },
          "sensitive_attributes": [],
          "private": "bnVsbA=="
        },
        {
          "index_key": "comment-record-questions-role",
          "schema_version": 0,
          "attributes": {
            "attributes": {},
            "client_id": "",
            "composite_roles": [],
            "description": "Allows users to add comments to questions in records.\n",
            "id": "b39bf701-9b95-44a7-87f4-0fb9690b347a",
            "import": false,
            "name": "comment-record-questions-role",
            "realm_id": "record-manager"
          },
          "sensitive_attributes": [],
          "private": "bnVsbA=="
        },
        {
          "index_key": "complete-records-role",
          "schema_version": 0,
          "attributes": {
            "attributes": {},
            "client_id": "",
            "composite_roles": [],
            "description": "Allows users to mark records as complete.\n",
            "id": "9c209557-b3d1-440f-9cc7-ceb3a6d7d7ea",
            "import": false,
            "name": "complete-records-role",
            "realm_id": "record-manager"
          },
          "sensitive_attributes": [],
          "private": "bnVsbA=="
        },
        {
          "index_key": "import-codelists-role",
          "schema_version": 0,
          "attributes": {
            "attributes": {},
            "client_id": "",
            "composite_roles": [],
            "description": "Allows users to import codelists into the system.\n",
            "id": "a7e6e936-6ef2-4d84-bf6b-2caed09d5e9f",
            "import": false,
            "name": "import-codelists-role",
            "realm_id": "record-manager"
          },
          "sensitive_attributes": [],
          "private": "bnVsbA=="
        },
        {
          "index_key": "mediacms-access-role",
          "schema_version": 0,
          "attributes": {
            "attributes": {},
            "client_id": "",
            "composite_roles": [],
            "description": "Allows users to access MediaCMS.\n",
            "id": "f7ea1bfd-922d-48f7-ad8f-411e29376f5f",
            "import": false,
            "name": "mediacms-access-role",
            "realm_id": "record-manager"
          },
          "sensitive_attributes": [],
          "private": "bnVsbA=="
        },
        {
          "index_key": "publish-records-role",
          "schema_version": 0,
          "attributes": {
            "attributes": {},
            "client_id": "",
            "composite_roles": [],
            "description": "Allows users to publish records.\n",
            "id": "21fc13b2-6c48-4ab4-bfef-4cf0248505b6",
            "import": false,
            "name": "publish-records-role",
            "realm_id": "record-manager"
          },
          "sensitive_attributes": [],
          "private": "bnVsbA=="
        },
        {
          "index_key": "read-action-history-role",
          "schema_version": 0,
          "attributes": {
            "attributes": {},
            "client_id": "",
            "composite_roles": [],
            "description": "Allows users to view the history of operations performed in the system.\n",
            "id": "92b8da66-99fb-4b78-bf16-e152de4b329d",
            "import": false,
            "name": "read-action-history-role",
            "realm_id": "record-manager"
          },
          "sensitive_attributes": [],
          "private": "bnVsbA=="
        },
        {
          "index_key": "read-all-organizations-role",
          "schema_version": 0,
          "attributes": {
            "attributes": {},
            "client_id": "",
            "composite_roles": [],
            "description": "Allows users to view details of all organizations in the system.\n",
            "id": "46c78755-0d34-43fe-a70f-ab60c2041e0e",
            "import": false,
            "name": "read-all-organizations-role",
            "realm_id": "record-manager"
          },
          "sensitive_attributes": [],
          "private": "bnVsbA=="
        },
        {
          "index_key": "read-all-records-role",
          "schema_version": 0,
          "attributes": {
            "attributes": {},
            "client_id": "",
            "composite_roles": [],
            "description": "Allows users to read all records in the system, regardless of the organization they belong to.\n",
            "id": "0214478f-606e-4aa3-9310-fb5091765e9b",
            "import": false,
            "name": "read-all-records-role",
            "realm_id": "record-manager"
          },
          "sensitive_attributes": [],
          "private": "bnVsbA=="
        },
        {
          "index_key": "read-all-users-role",
          "schema_version": 0,
          "attributes": {
            "attributes": {},
            "client_id": "",
            "composite_roles": [],
            "description": "Allows users to view the details of all users in the system, regardless of their organization.\n",
            "id": "a6526df2-2ee4-4cb8-b069-505b7974c394",
            "import": false,
            "name": "read-all-users-role",
            "realm_id": "record-manager"
          },
          "sensitive_attributes": [],
          "private": "bnVsbA=="
        },
        {
          "index_key": "read-organization-records-role",
          "schema_version": 0,
          "attributes": {
            "attributes": {},
            "client_id": "",
            "composite_roles": [],
            "description": "Allows users to read records belonging to their own organization only.\n",
            "id": "7bf7ce8a-4e99-4d0a-adc2-b8a3c7c90ced",
            "import": false,
            "name": "read-organization-records-role",
            "realm_id": "record-manager"
          },
          "sensitive_attributes": [],
          "private": "bnVsbA=="
        },
        {
          "index_key": "read-organization-role",
          "schema_version": 0,
          "attributes": {
            "attributes": {},
            "client_id": "",
            "composite_roles": [],
            "description": "Allows users to view details about the user’s own organization, such as its name or email.\n",
            "id": "c9fed522-7c3a-4050-86e7-3083aeca7db9",
            "import": false,
            "name": "read-organization-role",
            "realm_id": "record-manager"
          },
          "sensitive_attributes": [],
          "private": "bnVsbA=="
        },
        {
          "index_key": "read-organization-users-role",
          "schema_version": 0,
          "attributes": {
            "attributes": {},
            "client_id": "",
            "composite_roles": [],
            "description": "Allows users to view the details of users within their own organization only.\n",
            "id": "ddc05812-191a-41d4-867f-7b02f8e1d1e4",
            "import": false,
            "name": "read-organization-users-role",
            "realm_id": "record-manager"
          },
          "sensitive_attributes": [],
          "private": "bnVsbA=="
        },
        {
          "index_key": "read-statistics-role",
          "schema_version": 0,
          "attributes": {
            "attributes": {},
            "client_id": "",
            "composite_roles": [],
            "description": "Allows users to view statistical reports about the system’s data.\n",
            "id": "e526fa86-968e-4930-93dc-220ab0f19027",
            "import": false,
            "name": "read-statistics-role",
            "realm_id": "record-manager"
          },
          "sensitive_attributes": [],
          "private": "bnVsbA=="
        },
        {
          "index_key": "reject-records-role",
          "schema_version": 0,
          "attributes": {
            "attributes": {},
            "client_id": "",
            "composite_roles": [],
            "description": "Allows users to reject records.\n",
            "id": "9ad830d5-7b7d-4d83-9d30-3f03ffb28b5f",
            "import": false,
            "name": "reject-records-role",
            "realm_id": "record-manager"
          },
          "sensitive_attributes": [],
          "private": "bnVsbA=="
        },
        {
          "index_key": "write-all-organizations-role",
          "schema_version": 0,
          "attributes": {
            "attributes": {},
            "client_id": "",
            "composite_roles": [],
            "description": "Allows users to create, update, or delete any organization in the system.\n",
            "id": "64d5f6bf-aefb-4306-91b9-94ffd2db85c7",
            "import": false,
            "name": "write-all-organizations-role",
            "realm_id": "record-manager"
          },
          "sensitive_attributes": [],
          "private": "bnVsbA=="
        },
        {
          "index_key": "write-all-records-role",
          "schema_version": 0,
          "attributes": {
            "attributes": {},
            "client_id": "",
            "composite_roles": [],
            "description": "Allows users to create, update, or delete any record in the system, regardless of organization.\n",
            "id": "518bdccc-a9c7-4a25-82f4-6ee029e6e189",
            "import": false,
            "name": "write-all-records-role",
            "realm_id": "record-manager"
          },
          "sensitive_attributes": [],
          "private": "bnVsbA=="
        },
        {
          "index_key": "write-all-users-role",
          "schema_version": 0,
          "attributes": {
            "attributes": {},
            "client_id": "",
            "composite_roles": [],
            "description": "Allows users to create, update, or delete any user account in the system, including modifying user attributes.\n",
            "id": "28417b5c-0c6c-44ab-8133-4ee98cf1f9b9",
            "import": false,
            "name": "write-all-users-role",
            "realm_id": "record-manager"
          },
          "sensitive_attributes": [],
          "private": "bnVsbA=="
        },
        {
          "index_key": "write-organization-records-role",
          "schema_version": 0,
          "attributes": {
            "attributes": {},
            "client_id": "",
            "composite_roles": [],
            "description": "Allows users to create, update, or delete records within their own organization only.\n",
            "id": "f004585c-ecad-4e7a-83f2-e6b7b76e2877",
            "import": false,
            "name": "write-organization-records-role",
            "realm_id": "record-manager"
          },
          "sensitive_attributes": [],
          "private": "bnVsbA=="
        },
        {
          "index_key": "write-organization-role",
          "schema_version": 0,
          "attributes": {
            "attributes": {},
            "client_id": "",
            "composite_roles": [],
            "description": "Allows users to modify their own organization’s details, such as updating its name or email.\n",
            "id": "13e67f6f-40d8-47bd-a7b5-c14db49a54e1",
            "import": false,
            "name": "write-organization-role",
            "realm_id": "record-manager"
          },
          "sensitive_attributes": [],
          "private": "bnVsbA=="
        },
        {
          "index_key": "write-organization-users-role",
          "schema_version": 0,
          "attributes": {
            "attributes": {},
            "client_id": "",
            "composite_roles": [],
            "description": "Allows users to create, update, or delete user accounts within their own organization only.\n",
            "id": "073aae69-186b-4f72-b5c3-c405a40a6b72",
            "import": false,
            "name": "write-organization-users-role",
            "realm_id": "record-manager"
          },
          "sensitive_attributes": [],
          "private": "bnVsbA=="
        }
      ]
    }
  ],
  "check_results": null
}
