{
  "version": 4,
  "terraform_version": "1.4.2",
  "serial": 1274,
  "lineage": "1aa8ca24-0802-c1d8-b6a3-a6b581682191",
  "outputs": {
    "annotator_client_secret": {
      "value": "rd4lDziYGm50tW4WE4PmGfrm9JTHZ433",
      "type": "string",
      "sensitive": true
    },
    "mediacms_client_secret": {
      "value": "wMB0BwmKz7O9CMslZ5jPddRvzxvApz7s",
      "type": "string",
      "sensitive": true
    }
  },
  "resources": [
    {
      "mode": "data",
      "type": "keycloak_openid_client",
      "name": "realm_management",
      "provider": "provider[\"registry.terraform.io/keycloak/keycloak\"]",
      "instances": [
        {
          "schema_version": 0,
          "attributes": {
            "access_token_lifespan": "",
            "access_type": "BEARER-ONLY",
            "admin_url": "",
            "allow_refresh_token_in_standard_token_exchange": "",
            "always_display_in_console": false,
            "authentication_flow_binding_overrides": [],
            "authorization": [],
            "backchannel_logout_revoke_offline_sessions": false,
            "backchannel_logout_session_required": false,
            "backchannel_logout_url": "",
            "base_url": "",
            "client_authenticator_type": "client-secret",
            "client_id": "realm-management",
            "client_offline_session_idle_timeout": "",
            "client_offline_session_max_lifespan": "",
            "client_secret": "",
            "client_session_idle_timeout": "",
            "client_session_max_lifespan": "",
            "consent_required": false,
            "consent_screen_text": "",
            "description": "",
            "direct_access_grants_enabled": false,
            "display_on_consent_screen": false,
            "enabled": true,
            "exclude_issuer_from_auth_response": null,
            "exclude_session_state_from_auth_response": null,
            "extra_config": {},
            "frontchannel_logout_enabled": false,
            "frontchannel_logout_url": "",
            "full_scope_allowed": false,
            "id": "f3d0cdb7-e994-44a7-9f3d-8a2f9d26c3e0",
            "implicit_flow_enabled": false,
            "login_theme": "",
            "name": "${client_realm-management}",
            "oauth2_device_authorization_grant_enabled": false,
            "oauth2_device_code_lifespan": "",
            "oauth2_device_polling_interval": "",
            "pkce_code_challenge_method": null,
            "realm_id": "record-manager",
            "resource_server_id": null,
            "root_url": "",
            "service_account_user_id": "",
            "service_accounts_enabled": false,
            "standard_flow_enabled": true,
            "standard_token_exchange_enabled": false,
            "use_refresh_tokens": false,
            "use_refresh_tokens_client_credentials": false,
            "valid_post_logout_redirect_uris": [
              "+"
            ],
            "valid_redirect_uris": [],
            "web_origins": []
          },
          "sensitive_attributes": []
        }
      ]
    },
    {
      "mode": "data",
      "type": "keycloak_openid_client_scope",
      "name": "email",
      "provider": "provider[\"registry.terraform.io/keycloak/keycloak\"]",
      "instances": [
        {
          "schema_version": 0,
          "attributes": {
            "consent_screen_text": "${emailScopeConsentText}",
            "description": "OpenID Connect built-in scope: email",
            "gui_order": null,
            "id": "49bed86e-7929-445d-b6ea-2cac60eef02a",
            "include_in_token_scope": true,
            "name": "email",
            "realm_id": "record-manager"
          },
          "sensitive_attributes": []
        }
      ]
    },
    {
      "mode": "data",
      "type": "keycloak_openid_client_scope",
      "name": "profile",
      "provider": "provider[\"registry.terraform.io/keycloak/keycloak\"]",
      "instances": [
        {
          "schema_version": 0,
          "attributes": {
            "consent_screen_text": "${profileScopeConsentText}",
            "description": "OpenID Connect built-in scope: profile",
            "gui_order": null,
            "id": "4f72e822-0eb8-4b82-985f-aa4ceba3f75a",
            "include_in_token_scope": true,
            "name": "profile",
            "realm_id": "record-manager"
          },
          "sensitive_attributes": []
        }
      ]
    },
    {
      "mode": "data",
      "type": "keycloak_role",
      "name": "realm_management_impersonation",
      "provider": "provider[\"registry.terraform.io/keycloak/keycloak\"]",
      "instances": [
        {
          "schema_version": 0,
          "attributes": {
            "attributes": {},
            "client_id": "f3d0cdb7-e994-44a7-9f3d-8a2f9d26c3e0",
            "composite_roles": [],
            "description": "${role_impersonation}",
            "id": "621fb44a-d34a-4085-9573-6d3b1afea63d",
            "name": "impersonation",
            "realm_id": "record-manager"
          },
          "sensitive_attributes": []
        }
      ]
    },
    {
      "mode": "managed",
      "type": "keycloak_group",
      "name": "role_groups",
      "provider": "provider[\"registry.terraform.io/keycloak/keycloak\"]",
      "instances": [
        {
          "index_key": "admin-role-group",
          "schema_version": 0,
          "attributes": {
            "attributes": null,
            "id": "e941e614-2856-49d7-86f9-a4a722a339b2",
            "name": "admin-role-group",
            "parent_id": null,
            "path": "/admin-role-group",
            "realm_id": "record-manager"
          },
          "sensitive_attributes": [],
          "private": "bnVsbA=="
        },
        {
          "index_key": "data-collection-coordinator-role-group",
          "schema_version": 0,
          "attributes": {
            "attributes": null,
            "id": "1a1b8463-50f6-44b0-ac39-c877d1d53a03",
            "name": "data-collection-coordinator-role-group",
            "parent_id": null,
            "path": "/data-collection-coordinator-role-group",
            "realm_id": "record-manager"
          },
          "sensitive_attributes": [],
          "private": "bnVsbA=="
        },
        {
          "index_key": "entry-clerk-role-group",
          "schema_version": 0,
          "attributes": {
            "attributes": null,
            "id": "9084b090-624a-4253-bfbf-3a57ef154b83",
            "name": "entry-clerk-role-group",
            "parent_id": null,
            "path": "/entry-clerk-role-group",
            "realm_id": "record-manager"
          },
          "sensitive_attributes": [],
          "private": "bnVsbA=="
        },
        {
          "index_key": "organization-manager-role-group",
          "schema_version": 0,
          "attributes": {
            "attributes": null,
            "id": "62a11d72-dc79-453b-be6e-aa3106e3610e",
            "name": "organization-manager-role-group",
            "parent_id": null,
            "path": "/organization-manager-role-group",
            "realm_id": "record-manager"
          },
          "sensitive_attributes": [],
          "private": "bnVsbA=="
        },
        {
          "index_key": "reviewer-role-group",
          "schema_version": 0,
          "attributes": {
            "attributes": null,
            "id": "8b3c9d8c-eaac-458c-97a3-819d0b8384cd",
            "name": "reviewer-role-group",
            "parent_id": null,
            "path": "/reviewer-role-group",
            "realm_id": "record-manager"
          },
          "sensitive_attributes": [],
          "private": "bnVsbA=="
        }
      ]
    },
    {
      "mode": "managed",
      "type": "keycloak_group_roles",
      "name": "group_role_assignments",
      "provider": "provider[\"registry.terraform.io/keycloak/keycloak\"]",
      "instances": [
        {
          "index_key": "admin-role-group",
          "schema_version": 0,
          "attributes": {
            "exhaustive": true,
            "group_id": "e941e614-2856-49d7-86f9-a4a722a339b2",
            "id": "record-manager/e941e614-2856-49d7-86f9-a4a722a339b2",
            "realm_id": "record-manager",
            "role_ids": [
              "0777bbd4-155e-408b-a751-6c28b52f7a3a",
              "0b981305-05aa-44fc-95ea-2885af2187e1",
              "1a31b5e0-91eb-47e1-b25a-22a1158fde89",
              "1a8a398c-44c9-45b3-8f52-414af516a9b3",
              "1f7f707b-6bce-4020-83d3-7a227ec17cb9",
              "3b83d185-c4f6-4c11-a7eb-8ff60bf53a93",
              "3d8c4e2d-7af0-4030-be79-a6d5224bacf5",
              "46e4e54d-be94-4fe7-b411-a7a42d5220c3",
              "4e18ee24-da80-4987-8da4-1bbfb25049cb",
              "691b371b-e314-4df7-96a8-9af0b5d6bab5",
              "7f7df8e1-5fab-4f0e-8ede-cd8105d88667",
              "859907f0-4657-45fe-887e-f4329164a4f7",
              "99adb5b8-79d1-425e-be83-cc3b20ddda73",
              "9b9ea1cb-5a70-4eab-a19e-3201159ddc1c",
              "a4d678d6-1110-4043-af24-34fab81c97d3",
              "a54e2b26-51de-419d-8a54-c1ada803fb80",
              "a577e431-ce69-4b6e-a66f-db948eed4559",
              "ca36989f-badb-4238-8743-acb68b2e2d8b",
              "e4f84311-cd54-498d-b515-2d8807564123",
              "e8b3cec5-0e66-478c-9d5d-5fbb13e72258",
              "f5868415-0e57-4704-a356-9a32ecde0a61"
            ]
          },
          "sensitive_attributes": [],
          "private": "bnVsbA==",
          "dependencies": [
            "keycloak_group.role_groups",
            "keycloak_role.realm_roles"
          ]
        },
        {
          "index_key": "data-collection-coordinator-role-group",
          "schema_version": 0,
          "attributes": {
            "exhaustive": true,
            "group_id": "1a1b8463-50f6-44b0-ac39-c877d1d53a03",
            "id": "record-manager/1a1b8463-50f6-44b0-ac39-c877d1d53a03",
            "realm_id": "record-manager",
            "role_ids": [
              "0777bbd4-155e-408b-a751-6c28b52f7a3a",
              "0b981305-05aa-44fc-95ea-2885af2187e1",
              "1a31b5e0-91eb-47e1-b25a-22a1158fde89",
              "1a8a398c-44c9-45b3-8f52-414af516a9b3",
              "3b83d185-c4f6-4c11-a7eb-8ff60bf53a93",
              "46e4e54d-be94-4fe7-b411-a7a42d5220c3",
              "4e18ee24-da80-4987-8da4-1bbfb25049cb",
              "691b371b-e314-4df7-96a8-9af0b5d6bab5",
              "7f7df8e1-5fab-4f0e-8ede-cd8105d88667",
              "9b9ea1cb-5a70-4eab-a19e-3201159ddc1c",
              "a4d678d6-1110-4043-af24-34fab81c97d3",
              "a54e2b26-51de-419d-8a54-c1ada803fb80",
              "e8b3cec5-0e66-478c-9d5d-5fbb13e72258",
              "f5868415-0e57-4704-a356-9a32ecde0a61"
            ]
          },
          "sensitive_attributes": [],
          "private": "bnVsbA==",
          "dependencies": [
            "keycloak_group.role_groups",
            "keycloak_role.realm_roles"
          ]
        },
        {
          "index_key": "entry-clerk-role-group",
          "schema_version": 0,
          "attributes": {
            "exhaustive": true,
            "group_id": "9084b090-624a-4253-bfbf-3a57ef154b83",
            "id": "record-manager/9084b090-624a-4253-bfbf-3a57ef154b83",
            "realm_id": "record-manager",
            "role_ids": [
              "0777bbd4-155e-408b-a751-6c28b52f7a3a",
              "3b83d185-c4f6-4c11-a7eb-8ff60bf53a93",
              "46e4e54d-be94-4fe7-b411-a7a42d5220c3"
            ]
          },
          "sensitive_attributes": [],
          "private": "bnVsbA==",
          "dependencies": [
            "keycloak_group.role_groups",
            "keycloak_role.realm_roles"
          ]
        },
        {
          "index_key": "organization-manager-role-group",
          "schema_version": 0,
          "attributes": {
            "exhaustive": true,
            "group_id": "62a11d72-dc79-453b-be6e-aa3106e3610e",
            "id": "record-manager/62a11d72-dc79-453b-be6e-aa3106e3610e",
            "realm_id": "record-manager",
            "role_ids": [
              "0777bbd4-155e-408b-a751-6c28b52f7a3a",
              "3b83d185-c4f6-4c11-a7eb-8ff60bf53a93",
              "46e4e54d-be94-4fe7-b411-a7a42d5220c3",
              "4e18ee24-da80-4987-8da4-1bbfb25049cb",
              "7f7df8e1-5fab-4f0e-8ede-cd8105d88667",
              "9b9ea1cb-5a70-4eab-a19e-3201159ddc1c",
              "e8b3cec5-0e66-478c-9d5d-5fbb13e72258"
            ]
          },
          "sensitive_attributes": [],
          "private": "bnVsbA==",
          "dependencies": [
            "keycloak_group.role_groups",
            "keycloak_role.realm_roles"
          ]
        },
        {
          "index_key": "reviewer-role-group",
          "schema_version": 0,
          "attributes": {
            "exhaustive": true,
            "group_id": "8b3c9d8c-eaac-458c-97a3-819d0b8384cd",
            "id": "record-manager/8b3c9d8c-eaac-458c-97a3-819d0b8384cd",
            "realm_id": "record-manager",
            "role_ids": [
              "0777bbd4-155e-408b-a751-6c28b52f7a3a",
              "1a8a398c-44c9-45b3-8f52-414af516a9b3"
            ]
          },
          "sensitive_attributes": [],
          "private": "bnVsbA==",
          "dependencies": [
            "keycloak_group.role_groups",
            "keycloak_role.realm_roles"
          ]
        }
      ]
    },
    {
      "mode": "managed",
      "type": "keycloak_openid_client",
      "name": "annotator",
      "provider": "provider[\"registry.terraform.io/keycloak/keycloak\"]",
      "instances": [
        {
          "schema_version": 0,
          "attributes": {
            "access_token_lifespan": "",
            "access_type": "CONFIDENTIAL",
            "admin_url": "",
            "allow_refresh_token_in_standard_token_exchange": "",
            "always_display_in_console": false,
            "authentication_flow_binding_overrides": [],
            "authorization": [],
            "backchannel_logout_revoke_offline_sessions": false,
            "backchannel_logout_session_required": true,
            "backchannel_logout_url": "",
            "base_url": "",
            "client_authenticator_type": "client-secret",
            "client_id": "media-asset-annotator",
            "client_offline_session_idle_timeout": "",
            "client_offline_session_max_lifespan": "",
            "client_secret": "rd4lDziYGm50tW4WE4PmGfrm9JTHZ433",
            "client_secret_regenerate_when_changed": null,
            "client_secret_wo": null,
            "client_secret_wo_version": null,
            "client_session_idle_timeout": "",
            "client_session_max_lifespan": "",
            "consent_required": false,
            "consent_screen_text": "",
            "description": "",
            "direct_access_grants_enabled": false,
            "display_on_consent_screen": false,
            "enabled": true,
            "exclude_issuer_from_auth_response": null,
            "exclude_session_state_from_auth_response": null,
            "extra_config": null,
            "frontchannel_logout_enabled": false,
            "frontchannel_logout_url": "",
            "full_scope_allowed": true,
            "id": "d1380336-56d6-4442-81d1-2927681f5eb9",
            "implicit_flow_enabled": false,
            "import": false,
            "login_theme": "",
            "name": "Media Asset Annotator",
            "oauth2_device_authorization_grant_enabled": false,
            "oauth2_device_code_lifespan": "",
            "oauth2_device_polling_interval": "",
            "pkce_code_challenge_method": null,
            "realm_id": "record-manager",
            "resource_server_id": null,
            "root_url": "",
            "service_account_user_id": "",
            "service_accounts_enabled": false,
            "standard_flow_enabled": true,
            "standard_token_exchange_enabled": false,
            "use_refresh_tokens": true,
            "use_refresh_tokens_client_credentials": false,
            "valid_post_logout_redirect_uris": [
              "http://localhost:1235/*"
            ],
            "valid_redirect_uris": [
              "http://localhost:1235/oauth2/callback"
            ],
            "web_origins": [
              "http://localhost:1235"
            ]
          },
          "sensitive_attributes": [],
          "private": "bnVsbA==",
          "dependencies": [
            "keycloak_realm.realm"
          ]
        }
      ]
    },
    {
      "mode": "managed",
      "type": "keycloak_openid_client",
      "name": "mediacms",
      "provider": "provider[\"registry.terraform.io/keycloak/keycloak\"]",
      "instances": [
        {
          "schema_version": 0,
          "attributes": {
            "access_token_lifespan": "",
            "access_type": "CONFIDENTIAL",
            "admin_url": "",
            "allow_refresh_token_in_standard_token_exchange": "",
            "always_display_in_console": false,
            "authentication_flow_binding_overrides": [],
            "authorization": [],
            "backchannel_logout_revoke_offline_sessions": false,
            "backchannel_logout_session_required": true,
            "backchannel_logout_url": "",
            "base_url": "",
            "client_authenticator_type": "client-secret",
            "client_id": "mediacms",
            "client_offline_session_idle_timeout": "",
            "client_offline_session_max_lifespan": "",
            "client_secret": "wMB0BwmKz7O9CMslZ5jPddRvzxvApz7s",
            "client_secret_regenerate_when_changed": null,
            "client_secret_wo": null,
            "client_secret_wo_version": null,
            "client_session_idle_timeout": "",
            "client_session_max_lifespan": "",
            "consent_required": false,
            "consent_screen_text": "",
            "description": "",
            "direct_access_grants_enabled": false,
            "display_on_consent_screen": false,
            "enabled": true,
            "exclude_issuer_from_auth_response": null,
            "exclude_session_state_from_auth_response": null,
            "extra_config": null,
            "frontchannel_logout_enabled": false,
            "frontchannel_logout_url": "",
            "full_scope_allowed": true,
            "id": "260862cf-890a-4da3-8027-8ba560685857",
            "implicit_flow_enabled": false,
            "import": false,
            "login_theme": "",
            "name": "MediaCMS",
            "oauth2_device_authorization_grant_enabled": false,
            "oauth2_device_code_lifespan": "",
            "oauth2_device_polling_interval": "",
            "pkce_code_challenge_method": null,
            "realm_id": "record-manager",
            "resource_server_id": null,
            "root_url": "",
            "service_account_user_id": "",
            "service_accounts_enabled": false,
            "standard_flow_enabled": true,
            "standard_token_exchange_enabled": false,
            "use_refresh_tokens": true,
            "use_refresh_tokens_client_credentials": false,
            "valid_post_logout_redirect_uris": [
              "http://localhost:2080/*"
            ],
            "valid_redirect_uris": [
              "http://localhost:2080/accounts/oidc/keycloak/login/callback/"
            ],
            "web_origins": [
              "http://localhost:2080"
            ]
          },
          "sensitive_attributes": [],
          "private": "bnVsbA==",
          "dependencies": [
            "keycloak_realm.realm"
          ]
        }
      ]
    },
    {
      "mode": "managed",
      "type": "keycloak_openid_client_default_scopes",
      "name": "annotator_default_scopes",
      "provider": "provider[\"registry.terraform.io/keycloak/keycloak\"]",
      "instances": [
        {
          "schema_version": 0,
          "attributes": {
            "client_id": "d1380336-56d6-4442-81d1-2927681f5eb9",
            "default_scopes": [
              "email",
              "profile",
              "realm-roles"
            ],
            "id": "record-manager/d1380336-56d6-4442-81d1-2927681f5eb9",
            "realm_id": "record-manager"
          },
          "sensitive_attributes": [],
          "private": "bnVsbA==",
          "dependencies": [
            "data.keycloak_openid_client_scope.email",
            "data.keycloak_openid_client_scope.profile",
            "keycloak_openid_client.annotator",
            "keycloak_openid_client_scope.realm_roles_scope",
            "keycloak_realm.realm"
          ]
        }
      ]
    },
    {
      "mode": "managed",
      "type": "keycloak_openid_client_default_scopes",
      "name": "mediacms_default_scopes",
      "provider": "provider[\"registry.terraform.io/keycloak/keycloak\"]",
      "instances": [
        {
          "schema_version": 0,
          "attributes": {
            "client_id": "260862cf-890a-4da3-8027-8ba560685857",
            "default_scopes": [
              "email",
              "profile",
              "realm-roles"
            ],
            "id": "record-manager/260862cf-890a-4da3-8027-8ba560685857",
            "realm_id": "record-manager"
          },
          "sensitive_attributes": [],
          "private": "bnVsbA==",
          "dependencies": [
            "data.keycloak_openid_client_scope.email",
            "data.keycloak_openid_client_scope.profile",
            "keycloak_openid_client.mediacms",
            "keycloak_openid_client_scope.realm_roles_scope",
            "keycloak_realm.realm"
          ]
        }
      ]
    },
    {
      "mode": "managed",
      "type": "keycloak_openid_client_scope",
      "name": "realm_roles_scope",
      "provider": "provider[\"registry.terraform.io/keycloak/keycloak\"]",
      "instances": [
        {
          "schema_version": 0,
          "attributes": {
            "consent_screen_text": null,
            "description": "Adds realm roles to access tokens",
            "gui_order": null,
            "id": "ec6b26a9-999f-4500-977f-b3ad2c85eed4",
            "include_in_token_scope": true,
            "name": "realm-roles",
            "realm_id": "record-manager"
          },
          "sensitive_attributes": [],
          "private": "bnVsbA==",
          "dependencies": [
            "keycloak_realm.realm"
          ]
        }
      ]
    },
    {
      "mode": "managed",
      "type": "keycloak_openid_user_realm_role_protocol_mapper",
      "name": "realm_roles_mapper",
      "provider": "provider[\"registry.terraform.io/keycloak/keycloak\"]",
      "instances": [
        {
          "schema_version": 0,
          "attributes": {
            "add_to_access_token": true,
            "add_to_id_token": false,
            "add_to_token_introspection": true,
            "add_to_userinfo": false,
            "claim_name": "realm_access.roles",
            "claim_value_type": "String",
            "client_id": null,
            "client_scope_id": "ec6b26a9-999f-4500-977f-b3ad2c85eed4",
            "id": "9ea3a870-3257-4890-8841-d8913c5c3f83",
            "multivalued": true,
            "name": "realm roles",
            "realm_id": "record-manager",
            "realm_role_prefix": ""
          },
          "sensitive_attributes": [],
          "private": "bnVsbA==",
          "dependencies": [
            "keycloak_openid_client_scope.realm_roles_scope",
            "keycloak_realm.realm"
          ]
        }
      ]
    },
    {
      "mode": "managed",
      "type": "keycloak_realm",
      "name": "realm",
      "provider": "provider[\"registry.terraform.io/keycloak/keycloak\"]",
      "instances": [
        {
          "schema_version": 0,
          "attributes": {
            "access_code_lifespan": "1m0s",
            "access_code_lifespan_login": "30m0s",
            "access_code_lifespan_user_action": "5m0s",
            "access_token_lifespan": "5m0s",
            "access_token_lifespan_for_implicit_flow": "15m0s",
            "account_theme": "",
            "action_token_generated_by_admin_lifespan": "12h0m0s",
            "action_token_generated_by_user_lifespan": "5m0s",
            "admin_theme": "",
            "attributes": {},
            "browser_flow": "browser",
            "client_authentication_flow": "clients",
            "client_session_idle_timeout": "0s",
            "client_session_max_lifespan": "0s",
            "default_default_client_scopes": [],
            "default_optional_client_scopes": [],
            "default_signature_algorithm": "",
            "direct_grant_flow": "direct grant",
            "display_name": "",
            "display_name_html": "",
            "docker_authentication_flow": "docker auth",
            "duplicate_emails_allowed": false,
            "edit_username_allowed": false,
            "email_theme": "",
            "enabled": true,
            "first_broker_login_flow": null,
            "id": "record-manager",
            "internal_id": "7647bef1-9609-47ff-9547-1071b1d6379b",
            "internationalization": [],
            "login_theme": "",
            "login_with_email_allowed": true,
            "oauth2_device_code_lifespan": "10m0s",
            "oauth2_device_polling_interval": 5,
            "offline_session_idle_timeout": "720h0m0s",
            "offline_session_max_lifespan": "1440h0m0s",
            "offline_session_max_lifespan_enabled": false,
            "organizations_enabled": false,
            "otp_policy": [
              {
                "algorithm": "HmacSHA1",
                "digits": 6,
                "initial_counter": 0,
                "look_ahead_window": 1,
                "period": 30,
                "type": "totp"
              }
            ],
            "password_policy": "",
            "realm": "record-manager",
            "refresh_token_max_reuse": 0,
            "registration_allowed": false,
            "registration_email_as_username": false,
            "registration_flow": "registration",
            "remember_me": false,
            "reset_credentials_flow": "reset credentials",
            "reset_password_allowed": false,
            "revoke_refresh_token": false,
            "security_defenses": [],
            "smtp_server": [],
            "ssl_required": "external",
            "sso_session_idle_timeout": "30m0s",
            "sso_session_idle_timeout_remember_me": "0s",
            "sso_session_max_lifespan": "10h0m0s",
            "sso_session_max_lifespan_remember_me": "0s",
            "user_managed_access": false,
            "verify_email": false,
            "web_authn_passwordless_policy": [
              {
                "acceptable_aaguids": [],
                "attestation_conveyance_preference": "not specified",
                "authenticator_attachment": "not specified",
                "avoid_same_authenticator_register": false,
                "create_timeout": 0,
                "extra_origins": [],
                "relying_party_entity_name": "keycloak",
                "relying_party_id": "",
                "require_resident_key": "not specified",
                "signature_algorithms": [
                  "ES256"
                ],
                "user_verification_requirement": "not specified"
              }
            ],
            "web_authn_policy": [
              {
                "acceptable_aaguids": [],
                "attestation_conveyance_preference": "not specified",
                "authenticator_attachment": "not specified",
                "avoid_same_authenticator_register": false,
                "create_timeout": 0,
                "extra_origins": [],
                "relying_party_entity_name": "keycloak",
                "relying_party_id": "",
                "require_resident_key": "not specified",
                "signature_algorithms": [
                  "ES256"
                ],
                "user_verification_requirement": "not specified"
              }
            ]
          },
          "sensitive_attributes": [],
          "private": "bnVsbA=="
        }
      ]
    },
    {
      "mode": "managed",
      "type": "keycloak_role",
      "name": "impersonate_role_composite",
      "provider": "provider[\"registry.terraform.io/keycloak/keycloak\"]",
      "instances": [
        {
          "schema_version": 0,
          "attributes": {
            "attributes": {},
            "client_id": "",
            "composite_roles": [
              "621fb44a-d34a-4085-9573-6d3b1afea63d"
            ],
            "description": "",
            "id": "5434f4dc-4936-4787-8fc5-4a9ced1c029f",
            "import": false,
            "name": "impersonate-role",
            "realm_id": "record-manager"
          },
          "sensitive_attributes": [],
          "private": "bnVsbA==",
          "dependencies": [
            "data.keycloak_role.realm_management_impersonation"
          ]
        }
      ]
    },
    {
      "mode": "managed",
      "type": "keycloak_role",
      "name": "realm_roles",
      "provider": "provider[\"registry.terraform.io/keycloak/keycloak\"]",
      "instances": [
        {
          "index_key": "annotator-access-role",
          "schema_version": 0,
          "attributes": {
            "attributes": {},
            "client_id": "",
            "composite_roles": [],
            "description": "    Allows users to access the media asset annotator.\n",
            "id": "f5868415-0e57-4704-a356-9a32ecde0a61",
            "import": false,
            "name": "annotator-access-role",
            "realm_id": "record-manager"
          },
          "sensitive_attributes": [],
          "private": "bnVsbA=="
        },
        {
          "index_key": "comment-record-questions-role",
          "schema_version": 0,
          "attributes": {
            "attributes": {},
            "client_id": "",
            "composite_roles": [],
            "description": "Allows users to add comments to questions in records.\n",
            "id": "0777bbd4-155e-408b-a751-6c28b52f7a3a",
            "import": false,
            "name": "comment-record-questions-role",
            "realm_id": "record-manager"
          },
          "sensitive_attributes": [],
          "private": "bnVsbA=="
        },
        {
          "index_key": "complete-records-role",
          "schema_version": 0,
          "attributes": {
            "attributes": {},
            "client_id": "",
            "composite_roles": [],
            "description": "Allows users to mark records as complete.\n",
            "id": "1a8a398c-44c9-45b3-8f52-414af516a9b3",
            "import": false,
            "name": "complete-records-role",
            "realm_id": "record-manager"
          },
          "sensitive_attributes": [],
          "private": "bnVsbA=="
        },
        {
          "index_key": "import-codelists-role",
          "schema_version": 0,
          "attributes": {
            "attributes": {},
            "client_id": "",
            "composite_roles": [],
            "description": "Allows users to import codelists into the system.\n",
            "id": "859907f0-4657-45fe-887e-f4329164a4f7",
            "import": false,
            "name": "import-codelists-role",
            "realm_id": "record-manager"
          },
          "sensitive_attributes": [],
          "private": "bnVsbA=="
        },
        {
          "index_key": "mediacms-access-role",
          "schema_version": 0,
          "attributes": {
            "attributes": {},
            "client_id": "",
            "composite_roles": [],
            "description": "Allows users to access MediaCMS.\n",
            "id": "0b981305-05aa-44fc-95ea-2885af2187e1",
            "import": false,
            "name": "mediacms-access-role",
            "realm_id": "record-manager"
          },
          "sensitive_attributes": [],
          "private": "bnVsbA=="
        },
        {
          "index_key": "publish-records-role",
          "schema_version": 0,
          "attributes": {
            "attributes": {},
            "client_id": "",
            "composite_roles": [],
            "description": "Allows users to publish records.\n",
            "id": "e4f84311-cd54-498d-b515-2d8807564123",
            "import": false,
            "name": "publish-records-role",
            "realm_id": "record-manager"
          },
          "sensitive_attributes": [],
          "private": "bnVsbA=="
        },
        {
          "index_key": "read-action-history-role",
          "schema_version": 0,
          "attributes": {
            "attributes": {},
            "client_id": "",
            "composite_roles": [],
            "description": "Allows users to view the history of operations performed in the system.\n",
            "id": "1f7f707b-6bce-4020-83d3-7a227ec17cb9",
            "import": false,
            "name": "read-action-history-role",
            "realm_id": "record-manager"
          },
          "sensitive_attributes": [],
          "private": "bnVsbA=="
        },
        {
          "index_key": "read-all-organizations-role",
          "schema_version": 0,
          "attributes": {
            "attributes": {},
            "client_id": "",
            "composite_roles": [],
            "description": "Allows users to view details of all organizations in the system.\n",
            "id": "1a31b5e0-91eb-47e1-b25a-22a1158fde89",
            "import": false,
            "name": "read-all-organizations-role",
            "realm_id": "record-manager"
          },
          "sensitive_attributes": [],
          "private": "bnVsbA=="
        },
        {
          "index_key": "read-all-records-role",
          "schema_version": 0,
          "attributes": {
            "attributes": {},
            "client_id": "",
            "composite_roles": [],
            "description": "Allows users to read all records in the system, regardless of the organization they belong to.\n",
            "id": "ca36989f-badb-4238-8743-acb68b2e2d8b",
            "import": false,
            "name": "read-all-records-role",
            "realm_id": "record-manager"
          },
          "sensitive_attributes": [],
          "private": "bnVsbA=="
        },
        {
          "index_key": "read-all-users-role",
          "schema_version": 0,
          "attributes": {
            "attributes": {},
            "client_id": "",
            "composite_roles": [],
            "description": "Allows users to view the details of all users in the system, regardless of their organization.\n",
            "id": "a4d678d6-1110-4043-af24-34fab81c97d3",
            "import": false,
            "name": "read-all-users-role",
            "realm_id": "record-manager"
          },
          "sensitive_attributes": [],
          "private": "bnVsbA=="
        },
        {
          "index_key": "read-organization-records-role",
          "schema_version": 0,
          "attributes": {
            "attributes": {},
            "client_id": "",
            "composite_roles": [],
            "description": "Allows users to read records belonging to their own organization only.\n",
            "id": "46e4e54d-be94-4fe7-b411-a7a42d5220c3",
            "import": false,
            "name": "read-organization-records-role",
            "realm_id": "record-manager"
          },
          "sensitive_attributes": [],
          "private": "bnVsbA=="
        },
        {
          "index_key": "read-organization-role",
          "schema_version": 0,
          "attributes": {
            "attributes": {},
            "client_id": "",
            "composite_roles": [],
            "description": "Allows users to view details about the user’s own organization, such as its name or email.\n",
            "id": "3b83d185-c4f6-4c11-a7eb-8ff60bf53a93",
            "import": false,
            "name": "read-organization-role",
            "realm_id": "record-manager"
          },
          "sensitive_attributes": [],
          "private": "bnVsbA=="
        },
        {
          "index_key": "read-organization-users-role",
          "schema_version": 0,
          "attributes": {
            "attributes": {},
            "client_id": "",
            "composite_roles": [],
            "description": "Allows users to view the details of users within their own organization only.\n",
            "id": "4e18ee24-da80-4987-8da4-1bbfb25049cb",
            "import": false,
            "name": "read-organization-users-role",
            "realm_id": "record-manager"
          },
          "sensitive_attributes": [],
          "private": "bnVsbA=="
        },
        {
          "index_key": "read-statistics-role",
          "schema_version": 0,
          "attributes": {
            "attributes": {},
            "client_id": "",
            "composite_roles": [],
            "description": "Allows users to view statistical reports about the system’s data.\n",
            "id": "99adb5b8-79d1-425e-be83-cc3b20ddda73",
            "import": false,
            "name": "read-statistics-role",
            "realm_id": "record-manager"
          },
          "sensitive_attributes": [],
          "private": "bnVsbA=="
        },
        {
          "index_key": "reject-records-role",
          "schema_version": 0,
          "attributes": {
            "attributes": {},
            "client_id": "",
            "composite_roles": [],
            "description": "Allows users to reject records.\n",
            "id": "3d8c4e2d-7af0-4030-be79-a6d5224bacf5",
            "import": false,
            "name": "reject-records-role",
            "realm_id": "record-manager"
          },
          "sensitive_attributes": [],
          "private": "bnVsbA=="
        },
        {
          "index_key": "write-all-organizations-role",
          "schema_version": 0,
          "attributes": {
            "attributes": {},
            "client_id": "",
            "composite_roles": [],
            "description": "Allows users to create, update, or delete any organization in the system.\n",
            "id": "691b371b-e314-4df7-96a8-9af0b5d6bab5",
            "import": false,
            "name": "write-all-organizations-role",
            "realm_id": "record-manager"
          },
          "sensitive_attributes": [],
          "private": "bnVsbA=="
        },
        {
          "index_key": "write-all-records-role",
          "schema_version": 0,
          "attributes": {
            "attributes": {},
            "client_id": "",
            "composite_roles": [],
            "description": "Allows users to create, update, or delete any record in the system, regardless of organization.\n",
            "id": "a577e431-ce69-4b6e-a66f-db948eed4559",
            "import": false,
            "name": "write-all-records-role",
            "realm_id": "record-manager"
          },
          "sensitive_attributes": [],
          "private": "bnVsbA=="
        },
        {
          "index_key": "write-all-users-role",
          "schema_version": 0,
          "attributes": {
            "attributes": {},
            "client_id": "",
            "composite_roles": [],
            "description": "Allows users to create, update, or delete any user account in the system, including modifying user attributes.\n",
            "id": "a54e2b26-51de-419d-8a54-c1ada803fb80",
            "import": false,
            "name": "write-all-users-role",
            "realm_id": "record-manager"
          },
          "sensitive_attributes": [],
          "private": "bnVsbA=="
        },
        {
          "index_key": "write-organization-records-role",
          "schema_version": 0,
          "attributes": {
            "attributes": {},
            "client_id": "",
            "composite_roles": [],
            "description": "Allows users to create, update, or delete records within their own organization only.\n",
            "id": "e8b3cec5-0e66-478c-9d5d-5fbb13e72258",
            "import": false,
            "name": "write-organization-records-role",
            "realm_id": "record-manager"
          },
          "sensitive_attributes": [],
          "private": "bnVsbA=="
        },
        {
          "index_key": "write-organization-role",
          "schema_version": 0,
          "attributes": {
            "attributes": {},
            "client_id": "",
            "composite_roles": [],
            "description": "Allows users to modify their own organization’s details, such as updating its name or email.\n",
            "id": "7f7df8e1-5fab-4f0e-8ede-cd8105d88667",
            "import": false,
            "name": "write-organization-role",
            "realm_id": "record-manager"
          },
          "sensitive_attributes": [],
          "private": "bnVsbA=="
        },
        {
          "index_key": "write-organization-users-role",
          "schema_version": 0,
          "attributes": {
            "attributes": {},
            "client_id": "",
            "composite_roles": [],
            "description": "Allows users to create, update, or delete user accounts within their own organization only.\n",
            "id": "9b9ea1cb-5a70-4eab-a19e-3201159ddc1c",
            "import": false,
            "name": "write-organization-users-role",
            "realm_id": "record-manager"
          },
          "sensitive_attributes": [],
          "private": "bnVsbA=="
        }
      ]
    }
  ],
  "check_results": null
}
