{
  "version": 4,
  "terraform_version": "1.4.2",
  "serial": 326,
  "lineage": "1aa8ca24-0802-c1d8-b6a3-a6b581682191",
  "outputs": {},
  "resources": [
    {
      "mode": "data",
      "type": "keycloak_openid_client",
      "name": "realm_management",
      "provider": "provider[\"registry.terraform.io/keycloak/keycloak\"]",
      "instances": [
        {
          "schema_version": 0,
          "attributes": {
            "access_token_lifespan": "",
            "access_type": "BEARER-ONLY",
            "admin_url": "",
            "allow_refresh_token_in_standard_token_exchange": "",
            "always_display_in_console": false,
            "authentication_flow_binding_overrides": [],
            "authorization": [],
            "backchannel_logout_revoke_offline_sessions": false,
            "backchannel_logout_session_required": false,
            "backchannel_logout_url": "",
            "base_url": "",
            "client_authenticator_type": "client-secret",
            "client_id": "realm-management",
            "client_offline_session_idle_timeout": "",
            "client_offline_session_max_lifespan": "",
            "client_secret": "",
            "client_session_idle_timeout": "",
            "client_session_max_lifespan": "",
            "consent_required": false,
            "consent_screen_text": "",
            "description": "",
            "direct_access_grants_enabled": false,
            "display_on_consent_screen": false,
            "enabled": true,
            "exclude_issuer_from_auth_response": null,
            "exclude_session_state_from_auth_response": null,
            "extra_config": {},
            "frontchannel_logout_enabled": false,
            "frontchannel_logout_url": "",
            "full_scope_allowed": false,
            "id": "f3d0cdb7-e994-44a7-9f3d-8a2f9d26c3e0",
            "implicit_flow_enabled": false,
            "login_theme": "",
            "name": "${client_realm-management}",
            "oauth2_device_authorization_grant_enabled": false,
            "oauth2_device_code_lifespan": "",
            "oauth2_device_polling_interval": "",
            "pkce_code_challenge_method": null,
            "realm_id": "record-manager",
            "resource_server_id": null,
            "root_url": "",
            "service_account_user_id": "",
            "service_accounts_enabled": false,
            "standard_flow_enabled": true,
            "standard_token_exchange_enabled": false,
            "use_refresh_tokens": false,
            "use_refresh_tokens_client_credentials": false,
            "valid_post_logout_redirect_uris": [
              "+"
            ],
            "valid_redirect_uris": [],
            "web_origins": []
          },
          "sensitive_attributes": []
        }
      ]
    },
    {
      "mode": "data",
      "type": "keycloak_role",
      "name": "realm_management_impersonation",
      "provider": "provider[\"registry.terraform.io/keycloak/keycloak\"]",
      "instances": [
        {
          "schema_version": 0,
          "attributes": {
            "attributes": {},
            "client_id": "f3d0cdb7-e994-44a7-9f3d-8a2f9d26c3e0",
            "composite_roles": [],
            "description": "${role_impersonation}",
            "id": "621fb44a-d34a-4085-9573-6d3b1afea63d",
            "name": "impersonation",
            "realm_id": "record-manager"
          },
          "sensitive_attributes": []
        }
      ]
    },
    {
      "mode": "managed",
      "type": "keycloak_group",
      "name": "role_groups",
      "provider": "provider[\"registry.terraform.io/keycloak/keycloak\"]",
      "instances": [
        {
          "index_key": "admin-role-group",
          "schema_version": 0,
          "attributes": {
            "attributes": {},
            "id": "9db52b85-03cd-4dd9-a995-d4e9df74b0d7",
            "name": "admin-role-group",
            "parent_id": null,
            "path": "/admin-role-group",
            "realm_id": "record-manager"
          },
          "sensitive_attributes": [],
          "private": "bnVsbA=="
        },
        {
          "index_key": "data-collection-coordinator-role-group",
          "schema_version": 0,
          "attributes": {
            "attributes": {},
            "id": "eb63fadd-0f14-41bd-960b-7ac49839673f",
            "name": "data-collection-coordinator-role-group",
            "parent_id": null,
            "path": "/data-collection-coordinator-role-group",
            "realm_id": "record-manager"
          },
          "sensitive_attributes": [],
          "private": "bnVsbA=="
        },
        {
          "index_key": "entry-clerk-role-group",
          "schema_version": 0,
          "attributes": {
            "attributes": {},
            "id": "c5b8051b-8476-409b-b55b-3dfdb845bcf6",
            "name": "entry-clerk-role-group",
            "parent_id": null,
            "path": "/entry-clerk-role-group",
            "realm_id": "record-manager"
          },
          "sensitive_attributes": [],
          "private": "bnVsbA=="
        },
        {
          "index_key": "organization-manager-role-group",
          "schema_version": 0,
          "attributes": {
            "attributes": {},
            "id": "52f66f32-cc28-42c9-bc8e-1f9c2db60d90",
            "name": "organization-manager-role-group",
            "parent_id": null,
            "path": "/organization-manager-role-group",
            "realm_id": "record-manager"
          },
          "sensitive_attributes": [],
          "private": "bnVsbA=="
        },
        {
          "index_key": "reviewer-role-group",
          "schema_version": 0,
          "attributes": {
            "attributes": {},
            "id": "78122608-ce5d-494c-9d22-7841e267eeee",
            "name": "reviewer-role-group",
            "parent_id": null,
            "path": "/reviewer-role-group",
            "realm_id": "record-manager"
          },
          "sensitive_attributes": [],
          "private": "bnVsbA=="
        }
      ]
    },
    {
      "mode": "managed",
      "type": "keycloak_group_roles",
      "name": "group_role_assignments",
      "provider": "provider[\"registry.terraform.io/keycloak/keycloak\"]",
      "instances": [
        {
          "index_key": "admin-role-group",
          "schema_version": 0,
          "attributes": {
            "exhaustive": true,
            "group_id": "9db52b85-03cd-4dd9-a995-d4e9df74b0d7",
            "id": "record-manager/9db52b85-03cd-4dd9-a995-d4e9df74b0d7",
            "realm_id": "record-manager",
            "role_ids": [
              "2ccdf989-f321-422c-8322-4dd2b678d79a",
              "63b6c22e-e73b-47f1-bc37-e1d4bdc59385",
              "705445a1-0fda-4103-80d6-030569229c75",
              "7ce9f70e-ba1b-42a3-b38b-d41fa372bc9e",
              "82869492-ae0d-4104-812c-f26e5581c174",
              "835015aa-454f-42c3-ae46-2033004cc50a",
              "8360a516-ff9c-48b8-9d16-d7db8bdf194e",
              "842692a6-d651-476e-9a59-88d19fda06f0",
              "9762af0e-d3f9-417a-bbbb-630b1288c8e1",
              "996e2454-d507-40bb-aa60-ec554215308b",
              "ace9727c-a720-421c-93f3-7526ea1e86fc",
              "c11c3d62-68c7-4745-9f06-9bfc8bfa3af9",
              "deab1aa2-1122-4919-9e34-f818bc992b68",
              "e0439bb1-273f-40d6-9468-b6dafab9a77f",
              "e088ad2e-c2d4-41d8-9288-eeb3877186bd",
              "e1814d78-a4c0-4e78-b1f6-2e956a15216b",
              "eb175cc8-54c2-4a68-b643-694a72f18d19",
              "f8b29c9d-f1a3-4381-aa78-e26ee169daa9",
              "fed3c461-c319-48da-9d52-3b2347123772"
            ]
          },
          "sensitive_attributes": [],
          "private": "bnVsbA==",
          "dependencies": [
            "keycloak_group.role_groups",
            "keycloak_role.realm_roles"
          ]
        },
        {
          "index_key": "data-collection-coordinator-role-group",
          "schema_version": 0,
          "attributes": {
            "exhaustive": true,
            "group_id": "eb63fadd-0f14-41bd-960b-7ac49839673f",
            "id": "record-manager/eb63fadd-0f14-41bd-960b-7ac49839673f",
            "realm_id": "record-manager",
            "role_ids": [
              "705445a1-0fda-4103-80d6-030569229c75",
              "82869492-ae0d-4104-812c-f26e5581c174",
              "8360a516-ff9c-48b8-9d16-d7db8bdf194e",
              "842692a6-d651-476e-9a59-88d19fda06f0",
              "9762af0e-d3f9-417a-bbbb-630b1288c8e1",
              "996e2454-d507-40bb-aa60-ec554215308b",
              "deab1aa2-1122-4919-9e34-f818bc992b68",
              "e0439bb1-273f-40d6-9468-b6dafab9a77f",
              "e088ad2e-c2d4-41d8-9288-eeb3877186bd",
              "e1814d78-a4c0-4e78-b1f6-2e956a15216b",
              "f8b29c9d-f1a3-4381-aa78-e26ee169daa9",
              "fed3c461-c319-48da-9d52-3b2347123772"
            ]
          },
          "sensitive_attributes": [],
          "private": "bnVsbA==",
          "dependencies": [
            "keycloak_group.role_groups",
            "keycloak_role.realm_roles"
          ]
        },
        {
          "index_key": "entry-clerk-role-group",
          "schema_version": 0,
          "attributes": {
            "exhaustive": true,
            "group_id": "c5b8051b-8476-409b-b55b-3dfdb845bcf6",
            "id": "record-manager/c5b8051b-8476-409b-b55b-3dfdb845bcf6",
            "realm_id": "record-manager",
            "role_ids": [
              "842692a6-d651-476e-9a59-88d19fda06f0",
              "996e2454-d507-40bb-aa60-ec554215308b",
              "e088ad2e-c2d4-41d8-9288-eeb3877186bd"
            ]
          },
          "sensitive_attributes": [],
          "private": "bnVsbA==",
          "dependencies": [
            "keycloak_group.role_groups",
            "keycloak_role.realm_roles"
          ]
        },
        {
          "index_key": "organization-manager-role-group",
          "schema_version": 0,
          "attributes": {
            "exhaustive": true,
            "group_id": "52f66f32-cc28-42c9-bc8e-1f9c2db60d90",
            "id": "record-manager/52f66f32-cc28-42c9-bc8e-1f9c2db60d90",
            "realm_id": "record-manager",
            "role_ids": [
              "705445a1-0fda-4103-80d6-030569229c75",
              "82869492-ae0d-4104-812c-f26e5581c174",
              "8360a516-ff9c-48b8-9d16-d7db8bdf194e",
              "842692a6-d651-476e-9a59-88d19fda06f0",
              "996e2454-d507-40bb-aa60-ec554215308b",
              "e088ad2e-c2d4-41d8-9288-eeb3877186bd",
              "fed3c461-c319-48da-9d52-3b2347123772"
            ]
          },
          "sensitive_attributes": [],
          "private": "bnVsbA==",
          "dependencies": [
            "keycloak_group.role_groups",
            "keycloak_role.realm_roles"
          ]
        },
        {
          "index_key": "reviewer-role-group",
          "schema_version": 0,
          "attributes": {
            "exhaustive": true,
            "group_id": "78122608-ce5d-494c-9d22-7841e267eeee",
            "id": "record-manager/78122608-ce5d-494c-9d22-7841e267eeee",
            "realm_id": "record-manager",
            "role_ids": [
              "996e2454-d507-40bb-aa60-ec554215308b",
              "f8b29c9d-f1a3-4381-aa78-e26ee169daa9"
            ]
          },
          "sensitive_attributes": [],
          "private": "bnVsbA==",
          "dependencies": [
            "keycloak_group.role_groups",
            "keycloak_role.realm_roles"
          ]
        }
      ]
    },
    {
      "mode": "managed",
      "type": "keycloak_realm",
      "name": "realm",
      "provider": "provider[\"registry.terraform.io/keycloak/keycloak\"]",
      "instances": [
        {
          "schema_version": 0,
          "attributes": {
            "access_code_lifespan": "1m0s",
            "access_code_lifespan_login": "30m0s",
            "access_code_lifespan_user_action": "5m0s",
            "access_token_lifespan": "5m0s",
            "access_token_lifespan_for_implicit_flow": "15m0s",
            "account_theme": "",
            "action_token_generated_by_admin_lifespan": "12h0m0s",
            "action_token_generated_by_user_lifespan": "5m0s",
            "admin_theme": "",
            "attributes": {},
            "browser_flow": "browser",
            "client_authentication_flow": "clients",
            "client_session_idle_timeout": "0s",
            "client_session_max_lifespan": "0s",
            "default_default_client_scopes": [],
            "default_optional_client_scopes": [],
            "default_signature_algorithm": "",
            "direct_grant_flow": "direct grant",
            "display_name": "",
            "display_name_html": "",
            "docker_authentication_flow": "docker auth",
            "duplicate_emails_allowed": false,
            "edit_username_allowed": false,
            "email_theme": "",
            "enabled": true,
            "first_broker_login_flow": null,
            "id": "record-manager",
            "internal_id": "7647bef1-9609-47ff-9547-1071b1d6379b",
            "internationalization": [],
            "login_theme": "",
            "login_with_email_allowed": true,
            "oauth2_device_code_lifespan": "10m0s",
            "oauth2_device_polling_interval": 5,
            "offline_session_idle_timeout": "720h0m0s",
            "offline_session_max_lifespan": "1440h0m0s",
            "offline_session_max_lifespan_enabled": false,
            "organizations_enabled": false,
            "otp_policy": [
              {
                "algorithm": "HmacSHA1",
                "digits": 6,
                "initial_counter": 0,
                "look_ahead_window": 1,
                "period": 30,
                "type": "totp"
              }
            ],
            "password_policy": "",
            "realm": "record-manager",
            "refresh_token_max_reuse": 0,
            "registration_allowed": false,
            "registration_email_as_username": false,
            "registration_flow": "registration",
            "remember_me": false,
            "reset_credentials_flow": "reset credentials",
            "reset_password_allowed": false,
            "revoke_refresh_token": false,
            "security_defenses": [],
            "smtp_server": [],
            "ssl_required": "external",
            "sso_session_idle_timeout": "30m0s",
            "sso_session_idle_timeout_remember_me": "0s",
            "sso_session_max_lifespan": "10h0m0s",
            "sso_session_max_lifespan_remember_me": "0s",
            "user_managed_access": false,
            "verify_email": false,
            "web_authn_passwordless_policy": [
              {
                "acceptable_aaguids": [],
                "attestation_conveyance_preference": "not specified",
                "authenticator_attachment": "not specified",
                "avoid_same_authenticator_register": false,
                "create_timeout": 0,
                "extra_origins": [],
                "relying_party_entity_name": "keycloak",
                "relying_party_id": "",
                "require_resident_key": "not specified",
                "signature_algorithms": [
                  "ES256"
                ],
                "user_verification_requirement": "not specified"
              }
            ],
            "web_authn_policy": [
              {
                "acceptable_aaguids": [],
                "attestation_conveyance_preference": "not specified",
                "authenticator_attachment": "not specified",
                "avoid_same_authenticator_register": false,
                "create_timeout": 0,
                "extra_origins": [],
                "relying_party_entity_name": "keycloak",
                "relying_party_id": "",
                "require_resident_key": "not specified",
                "signature_algorithms": [
                  "ES256"
                ],
                "user_verification_requirement": "not specified"
              }
            ]
          },
          "sensitive_attributes": [],
          "private": "bnVsbA=="
        }
      ]
    },
    {
      "mode": "managed",
      "type": "keycloak_role",
      "name": "impersonate_role_composite",
      "provider": "provider[\"registry.terraform.io/keycloak/keycloak\"]",
      "instances": [
        {
          "schema_version": 0,
          "attributes": {
            "attributes": {},
            "client_id": "",
            "composite_roles": [
              "621fb44a-d34a-4085-9573-6d3b1afea63d"
            ],
            "description": "",
            "id": "b8f169f8-0e46-4b54-a22a-6ab2fce5a8d9",
            "import": false,
            "name": "impersonate-role",
            "realm_id": "record-manager"
          },
          "sensitive_attributes": [],
          "private": "bnVsbA==",
          "dependencies": [
            "data.keycloak_openid_client.realm_management",
            "data.keycloak_role.realm_management_impersonation"
          ]
        }
      ]
    },
    {
      "mode": "managed",
      "type": "keycloak_role",
      "name": "realm_roles",
      "provider": "provider[\"registry.terraform.io/keycloak/keycloak\"]",
      "instances": [
        {
          "index_key": "comment-record-questions-role",
          "schema_version": 0,
          "attributes": {
            "attributes": {},
            "client_id": "",
            "composite_roles": [],
            "description": "Allows users to add comments to questions in records.\n",
            "id": "996e2454-d507-40bb-aa60-ec554215308b",
            "import": false,
            "name": "comment-record-questions-role",
            "realm_id": "record-manager"
          },
          "sensitive_attributes": [],
          "private": "bnVsbA=="
        },
        {
          "index_key": "complete-records-role",
          "schema_version": 0,
          "attributes": {
            "attributes": {},
            "client_id": "",
            "composite_roles": [],
            "description": "Allows users to mark records as complete.\n",
            "id": "f8b29c9d-f1a3-4381-aa78-e26ee169daa9",
            "import": false,
            "name": "complete-records-role",
            "realm_id": "record-manager"
          },
          "sensitive_attributes": [],
          "private": "bnVsbA=="
        },
        {
          "index_key": "import-codelists-role",
          "schema_version": 0,
          "attributes": {
            "attributes": {},
            "client_id": "",
            "composite_roles": [],
            "description": "Allows users to import codelists into the system.\n",
            "id": "7ce9f70e-ba1b-42a3-b38b-d41fa372bc9e",
            "import": false,
            "name": "import-codelists-role",
            "realm_id": "record-manager"
          },
          "sensitive_attributes": [],
          "private": "bnVsbA=="
        },
        {
          "index_key": "publish-records-role",
          "schema_version": 0,
          "attributes": {
            "attributes": {},
            "client_id": "",
            "composite_roles": [],
            "description": "Allows users to publish records.\n",
            "id": "63b6c22e-e73b-47f1-bc37-e1d4bdc59385",
            "import": false,
            "name": "publish-records-role",
            "realm_id": "record-manager"
          },
          "sensitive_attributes": [],
          "private": "bnVsbA=="
        },
        {
          "index_key": "read-action-history-role",
          "schema_version": 0,
          "attributes": {
            "attributes": {},
            "client_id": "",
            "composite_roles": [],
            "description": "Allows users to view the history of operations performed in the system.\n",
            "id": "ace9727c-a720-421c-93f3-7526ea1e86fc",
            "import": false,
            "name": "read-action-history-role",
            "realm_id": "record-manager"
          },
          "sensitive_attributes": [],
          "private": "bnVsbA=="
        },
        {
          "index_key": "read-all-organizations-role",
          "schema_version": 0,
          "attributes": {
            "attributes": {},
            "client_id": "",
            "composite_roles": [],
            "description": "Allows users to view details of all organizations in the system.\n",
            "id": "e0439bb1-273f-40d6-9468-b6dafab9a77f",
            "import": false,
            "name": "read-all-organizations-role",
            "realm_id": "record-manager"
          },
          "sensitive_attributes": [],
          "private": "bnVsbA=="
        },
        {
          "index_key": "read-all-records-role",
          "schema_version": 0,
          "attributes": {
            "attributes": {},
            "client_id": "",
            "composite_roles": [],
            "description": "Allows users to read all records in the system, regardless of the organization they belong to.\n",
            "id": "c11c3d62-68c7-4745-9f06-9bfc8bfa3af9",
            "import": false,
            "name": "read-all-records-role",
            "realm_id": "record-manager"
          },
          "sensitive_attributes": [],
          "private": "bnVsbA=="
        },
        {
          "index_key": "read-all-users-role",
          "schema_version": 0,
          "attributes": {
            "attributes": {},
            "client_id": "",
            "composite_roles": [],
            "description": "Allows users to view the details of all users in the system, regardless of their organization.\n",
            "id": "e1814d78-a4c0-4e78-b1f6-2e956a15216b",
            "import": false,
            "name": "read-all-users-role",
            "realm_id": "record-manager"
          },
          "sensitive_attributes": [],
          "private": "bnVsbA=="
        },
        {
          "index_key": "read-organization-records-role",
          "schema_version": 0,
          "attributes": {
            "attributes": {},
            "client_id": "",
            "composite_roles": [],
            "description": "Allows users to read records belonging to their own organization only.\n",
            "id": "842692a6-d651-476e-9a59-88d19fda06f0",
            "import": false,
            "name": "read-organization-records-role",
            "realm_id": "record-manager"
          },
          "sensitive_attributes": [],
          "private": "bnVsbA=="
        },
        {
          "index_key": "read-organization-role",
          "schema_version": 0,
          "attributes": {
            "attributes": {},
            "client_id": "",
            "composite_roles": [],
            "description": "Allows users to view details about the user’s own organization, such as its name or email.\n",
            "id": "e088ad2e-c2d4-41d8-9288-eeb3877186bd",
            "import": false,
            "name": "read-organization-role",
            "realm_id": "record-manager"
          },
          "sensitive_attributes": [],
          "private": "bnVsbA=="
        },
        {
          "index_key": "read-organization-users-role",
          "schema_version": 0,
          "attributes": {
            "attributes": {},
            "client_id": "",
            "composite_roles": [],
            "description": "Allows users to view the details of users within their own organization only.\n",
            "id": "82869492-ae0d-4104-812c-f26e5581c174",
            "import": false,
            "name": "read-organization-users-role",
            "realm_id": "record-manager"
          },
          "sensitive_attributes": [],
          "private": "bnVsbA=="
        },
        {
          "index_key": "read-statistics-role",
          "schema_version": 0,
          "attributes": {
            "attributes": {},
            "client_id": "",
            "composite_roles": [],
            "description": "Allows users to view statistical reports about the system’s data.\n",
            "id": "eb175cc8-54c2-4a68-b643-694a72f18d19",
            "import": false,
            "name": "read-statistics-role",
            "realm_id": "record-manager"
          },
          "sensitive_attributes": [],
          "private": "bnVsbA=="
        },
        {
          "index_key": "reject-records-role",
          "schema_version": 0,
          "attributes": {
            "attributes": {},
            "client_id": "",
            "composite_roles": [],
            "description": "Allows users to reject records.\n",
            "id": "835015aa-454f-42c3-ae46-2033004cc50a",
            "import": false,
            "name": "reject-records-role",
            "realm_id": "record-manager"
          },
          "sensitive_attributes": [],
          "private": "bnVsbA=="
        },
        {
          "index_key": "write-all-organizations-role",
          "schema_version": 0,
          "attributes": {
            "attributes": {},
            "client_id": "",
            "composite_roles": [],
            "description": "Allows users to create, update, or delete any organization in the system.\n",
            "id": "deab1aa2-1122-4919-9e34-f818bc992b68",
            "import": false,
            "name": "write-all-organizations-role",
            "realm_id": "record-manager"
          },
          "sensitive_attributes": [],
          "private": "bnVsbA=="
        },
        {
          "index_key": "write-all-records-role",
          "schema_version": 0,
          "attributes": {
            "attributes": {},
            "client_id": "",
            "composite_roles": [],
            "description": "Allows users to create, update, or delete any record in the system, regardless of organization.\n",
            "id": "2ccdf989-f321-422c-8322-4dd2b678d79a",
            "import": false,
            "name": "write-all-records-role",
            "realm_id": "record-manager"
          },
          "sensitive_attributes": [],
          "private": "bnVsbA=="
        },
        {
          "index_key": "write-all-users-role",
          "schema_version": 0,
          "attributes": {
            "attributes": {},
            "client_id": "",
            "composite_roles": [],
            "description": "Allows users to create, update, or delete any user account in the system, including modifying user attributes.\n",
            "id": "9762af0e-d3f9-417a-bbbb-630b1288c8e1",
            "import": false,
            "name": "write-all-users-role",
            "realm_id": "record-manager"
          },
          "sensitive_attributes": [],
          "private": "bnVsbA=="
        },
        {
          "index_key": "write-organization-records-role",
          "schema_version": 0,
          "attributes": {
            "attributes": {},
            "client_id": "",
            "composite_roles": [],
            "description": "Allows users to create, update, or delete records within their own organization only.\n",
            "id": "8360a516-ff9c-48b8-9d16-d7db8bdf194e",
            "import": false,
            "name": "write-organization-records-role",
            "realm_id": "record-manager"
          },
          "sensitive_attributes": [],
          "private": "bnVsbA=="
        },
        {
          "index_key": "write-organization-role",
          "schema_version": 0,
          "attributes": {
            "attributes": {},
            "client_id": "",
            "composite_roles": [],
            "description": "Allows users to modify their own organization’s details, such as updating its name or email.\n",
            "id": "fed3c461-c319-48da-9d52-3b2347123772",
            "import": false,
            "name": "write-organization-role",
            "realm_id": "record-manager"
          },
          "sensitive_attributes": [],
          "private": "bnVsbA=="
        },
        {
          "index_key": "write-organization-users-role",
          "schema_version": 0,
          "attributes": {
            "attributes": {},
            "client_id": "",
            "composite_roles": [],
            "description": "Allows users to create, update, or delete user accounts within their own organization only.\n",
            "id": "705445a1-0fda-4103-80d6-030569229c75",
            "import": false,
            "name": "write-organization-users-role",
            "realm_id": "record-manager"
          },
          "sensitive_attributes": [],
          "private": "bnVsbA=="
        }
      ]
    }
  ],
  "check_results": null
}
