{
  "version": 4,
  "terraform_version": "1.4.2",
  "serial": 1319,
  "lineage": "1aa8ca24-0802-c1d8-b6a3-a6b581682191",
  "outputs": {
    "annotator_client_secret": {
      "value": "fnL9MzXue7qEPCseaMF1kUISgk8ioNuW",
      "type": "string",
      "sensitive": true
    },
    "mediacms_client_secret": {
      "value": "0suvLrQyCSB8anG3yl2mnSb7RmtAK3Dy",
      "type": "string",
      "sensitive": true
    }
  },
  "resources": [
    {
      "mode": "data",
      "type": "keycloak_openid_client",
      "name": "realm_management",
      "provider": "provider[\"registry.terraform.io/keycloak/keycloak\"]",
      "instances": [
        {
          "schema_version": 0,
          "attributes": {
            "access_token_lifespan": "",
            "access_type": "BEARER-ONLY",
            "admin_url": "",
            "allow_refresh_token_in_standard_token_exchange": "",
            "always_display_in_console": false,
            "authentication_flow_binding_overrides": [],
            "authorization": [],
            "backchannel_logout_revoke_offline_sessions": false,
            "backchannel_logout_session_required": false,
            "backchannel_logout_url": "",
            "base_url": "",
            "client_authenticator_type": "client-secret",
            "client_id": "realm-management",
            "client_offline_session_idle_timeout": "",
            "client_offline_session_max_lifespan": "",
            "client_secret": "",
            "client_session_idle_timeout": "",
            "client_session_max_lifespan": "",
            "consent_required": false,
            "consent_screen_text": "",
            "description": "",
            "direct_access_grants_enabled": false,
            "display_on_consent_screen": false,
            "enabled": true,
            "exclude_issuer_from_auth_response": null,
            "exclude_session_state_from_auth_response": null,
            "extra_config": {},
            "frontchannel_logout_enabled": false,
            "frontchannel_logout_url": "",
            "full_scope_allowed": false,
            "id": "f3d0cdb7-e994-44a7-9f3d-8a2f9d26c3e0",
            "implicit_flow_enabled": false,
            "login_theme": "",
            "name": "${client_realm-management}",
            "oauth2_device_authorization_grant_enabled": false,
            "oauth2_device_code_lifespan": "",
            "oauth2_device_polling_interval": "",
            "pkce_code_challenge_method": null,
            "realm_id": "record-manager",
            "resource_server_id": null,
            "root_url": "",
            "service_account_user_id": "",
            "service_accounts_enabled": false,
            "standard_flow_enabled": true,
            "standard_token_exchange_enabled": false,
            "use_refresh_tokens": false,
            "use_refresh_tokens_client_credentials": false,
            "valid_post_logout_redirect_uris": [
              "+"
            ],
            "valid_redirect_uris": [],
            "web_origins": []
          },
          "sensitive_attributes": []
        }
      ]
    },
    {
      "mode": "data",
      "type": "keycloak_openid_client_scope",
      "name": "email",
      "provider": "provider[\"registry.terraform.io/keycloak/keycloak\"]",
      "instances": [
        {
          "schema_version": 0,
          "attributes": {
            "consent_screen_text": "${emailScopeConsentText}",
            "description": "OpenID Connect built-in scope: email",
            "gui_order": null,
            "id": "49bed86e-7929-445d-b6ea-2cac60eef02a",
            "include_in_token_scope": true,
            "name": "email",
            "realm_id": "record-manager"
          },
          "sensitive_attributes": []
        }
      ]
    },
    {
      "mode": "data",
      "type": "keycloak_openid_client_scope",
      "name": "profile",
      "provider": "provider[\"registry.terraform.io/keycloak/keycloak\"]",
      "instances": [
        {
          "schema_version": 0,
          "attributes": {
            "consent_screen_text": "${profileScopeConsentText}",
            "description": "OpenID Connect built-in scope: profile",
            "gui_order": null,
            "id": "4f72e822-0eb8-4b82-985f-aa4ceba3f75a",
            "include_in_token_scope": true,
            "name": "profile",
            "realm_id": "record-manager"
          },
          "sensitive_attributes": []
        }
      ]
    },
    {
      "mode": "data",
      "type": "keycloak_role",
      "name": "realm_management_impersonation",
      "provider": "provider[\"registry.terraform.io/keycloak/keycloak\"]",
      "instances": [
        {
          "schema_version": 0,
          "attributes": {
            "attributes": {},
            "client_id": "f3d0cdb7-e994-44a7-9f3d-8a2f9d26c3e0",
            "composite_roles": [],
            "description": "${role_impersonation}",
            "id": "621fb44a-d34a-4085-9573-6d3b1afea63d",
            "name": "impersonation",
            "realm_id": "record-manager"
          },
          "sensitive_attributes": []
        }
      ]
    },
    {
      "mode": "managed",
      "type": "keycloak_group",
      "name": "role_groups",
      "provider": "provider[\"registry.terraform.io/keycloak/keycloak\"]",
      "instances": [
        {
          "index_key": "admin-role-group",
          "schema_version": 0,
          "attributes": {
            "attributes": {},
            "id": "9ed4a537-4134-40c0-ab11-88f7bbe110bc",
            "name": "admin-role-group",
            "parent_id": null,
            "path": "/admin-role-group",
            "realm_id": "record-manager"
          },
          "sensitive_attributes": [],
          "private": "bnVsbA=="
        },
        {
          "index_key": "data-collection-coordinator-role-group",
          "schema_version": 0,
          "attributes": {
            "attributes": {},
            "id": "fa1a3c4f-4a63-45d8-b2f2-43af8de55d16",
            "name": "data-collection-coordinator-role-group",
            "parent_id": null,
            "path": "/data-collection-coordinator-role-group",
            "realm_id": "record-manager"
          },
          "sensitive_attributes": [],
          "private": "bnVsbA=="
        },
        {
          "index_key": "entry-clerk-role-group",
          "schema_version": 0,
          "attributes": {
            "attributes": {},
            "id": "43dbc2c3-8f49-4df6-9585-5b59df42ecb8",
            "name": "entry-clerk-role-group",
            "parent_id": null,
            "path": "/entry-clerk-role-group",
            "realm_id": "record-manager"
          },
          "sensitive_attributes": [],
          "private": "bnVsbA=="
        },
        {
          "index_key": "organization-manager-role-group",
          "schema_version": 0,
          "attributes": {
            "attributes": {},
            "id": "1c937f46-ebae-4964-ad4f-6fc67910d18d",
            "name": "organization-manager-role-group",
            "parent_id": null,
            "path": "/organization-manager-role-group",
            "realm_id": "record-manager"
          },
          "sensitive_attributes": [],
          "private": "bnVsbA=="
        },
        {
          "index_key": "reviewer-role-group",
          "schema_version": 0,
          "attributes": {
            "attributes": {},
            "id": "214ada2a-db1e-45c8-8e1c-08a8a1f54fc0",
            "name": "reviewer-role-group",
            "parent_id": null,
            "path": "/reviewer-role-group",
            "realm_id": "record-manager"
          },
          "sensitive_attributes": [],
          "private": "bnVsbA=="
        }
      ]
    },
    {
      "mode": "managed",
      "type": "keycloak_group_roles",
      "name": "group_role_assignments",
      "provider": "provider[\"registry.terraform.io/keycloak/keycloak\"]",
      "instances": [
        {
          "index_key": "admin-role-group",
          "schema_version": 0,
          "attributes": {
            "exhaustive": true,
            "group_id": "9ed4a537-4134-40c0-ab11-88f7bbe110bc",
            "id": "record-manager/9ed4a537-4134-40c0-ab11-88f7bbe110bc",
            "realm_id": "record-manager",
            "role_ids": [
              "0a44e4f0-f185-4ff0-8c76-f07126d07df7",
              "106a1180-b83a-44da-bab6-9dca78422d45",
              "1acac007-a251-4833-bb6d-30631deee1c9",
              "1d994f23-c39a-496b-b2fb-fa847718e8dc",
              "23db12e0-d85d-408c-a744-bbd5fbc24cc4",
              "27e674b9-5b0f-4d79-95fe-d343e51baaac",
              "2c50fd15-7c27-4e49-b9e8-02fae4b4d8ff",
              "2d6ca2cd-89d7-428c-90dd-0e51190aeeab",
              "3fa6dafd-66a4-4947-b373-c542d88edc5a",
              "493549ac-fb2d-44b1-bb7c-09da4ab02ce0",
              "4ec57a68-d644-4b5d-9ab3-c4630e8edfca",
              "5a4499c2-b06c-4b3e-b1d5-4a8c71fad72d",
              "6cd7b860-4c87-4975-b984-3bcd7871c911",
              "81617763-93b5-48b3-8f75-a412b1e41973",
              "82f6a5a4-0620-498e-ae57-e5a5ebf0705d",
              "a02a50cd-8c6b-40cb-b5e2-ccf3923d8b99",
              "a2aad1a1-b009-4da6-8042-3ec05676961a",
              "b0d6417a-9156-480b-8ca0-b650d24b67e2",
              "bf29e3ca-4d81-40d9-962b-f90a5b81829e",
              "cae43200-8ccd-4be4-a5d1-787ee477a0dd",
              "f3ec5117-48f2-47b3-8d13-6fafd5b6fe68"
            ]
          },
          "sensitive_attributes": [],
          "private": "bnVsbA==",
          "dependencies": [
            "keycloak_group.role_groups",
            "keycloak_role.realm_roles"
          ]
        },
        {
          "index_key": "data-collection-coordinator-role-group",
          "schema_version": 0,
          "attributes": {
            "exhaustive": true,
            "group_id": "fa1a3c4f-4a63-45d8-b2f2-43af8de55d16",
            "id": "record-manager/fa1a3c4f-4a63-45d8-b2f2-43af8de55d16",
            "realm_id": "record-manager",
            "role_ids": [
              "0a44e4f0-f185-4ff0-8c76-f07126d07df7",
              "106a1180-b83a-44da-bab6-9dca78422d45",
              "1acac007-a251-4833-bb6d-30631deee1c9",
              "27e674b9-5b0f-4d79-95fe-d343e51baaac",
              "2d6ca2cd-89d7-428c-90dd-0e51190aeeab",
              "493549ac-fb2d-44b1-bb7c-09da4ab02ce0",
              "4ec57a68-d644-4b5d-9ab3-c4630e8edfca",
              "5a4499c2-b06c-4b3e-b1d5-4a8c71fad72d",
              "6cd7b860-4c87-4975-b984-3bcd7871c911",
              "81617763-93b5-48b3-8f75-a412b1e41973",
              "82f6a5a4-0620-498e-ae57-e5a5ebf0705d",
              "a02a50cd-8c6b-40cb-b5e2-ccf3923d8b99",
              "bf29e3ca-4d81-40d9-962b-f90a5b81829e",
              "cae43200-8ccd-4be4-a5d1-787ee477a0dd"
            ]
          },
          "sensitive_attributes": [],
          "private": "bnVsbA==",
          "dependencies": [
            "keycloak_group.role_groups",
            "keycloak_role.realm_roles"
          ]
        },
        {
          "index_key": "entry-clerk-role-group",
          "schema_version": 0,
          "attributes": {
            "exhaustive": true,
            "group_id": "43dbc2c3-8f49-4df6-9585-5b59df42ecb8",
            "id": "record-manager/43dbc2c3-8f49-4df6-9585-5b59df42ecb8",
            "realm_id": "record-manager",
            "role_ids": [
              "0a44e4f0-f185-4ff0-8c76-f07126d07df7",
              "a02a50cd-8c6b-40cb-b5e2-ccf3923d8b99",
              "cae43200-8ccd-4be4-a5d1-787ee477a0dd"
            ]
          },
          "sensitive_attributes": [],
          "private": "bnVsbA==",
          "dependencies": [
            "keycloak_group.role_groups",
            "keycloak_role.realm_roles"
          ]
        },
        {
          "index_key": "organization-manager-role-group",
          "schema_version": 0,
          "attributes": {
            "exhaustive": true,
            "group_id": "1c937f46-ebae-4964-ad4f-6fc67910d18d",
            "id": "record-manager/1c937f46-ebae-4964-ad4f-6fc67910d18d",
            "realm_id": "record-manager",
            "role_ids": [
              "0a44e4f0-f185-4ff0-8c76-f07126d07df7",
              "493549ac-fb2d-44b1-bb7c-09da4ab02ce0",
              "6cd7b860-4c87-4975-b984-3bcd7871c911",
              "81617763-93b5-48b3-8f75-a412b1e41973",
              "a02a50cd-8c6b-40cb-b5e2-ccf3923d8b99",
              "bf29e3ca-4d81-40d9-962b-f90a5b81829e",
              "cae43200-8ccd-4be4-a5d1-787ee477a0dd"
            ]
          },
          "sensitive_attributes": [],
          "private": "bnVsbA==",
          "dependencies": [
            "keycloak_group.role_groups",
            "keycloak_role.realm_roles"
          ]
        },
        {
          "index_key": "reviewer-role-group",
          "schema_version": 0,
          "attributes": {
            "exhaustive": true,
            "group_id": "214ada2a-db1e-45c8-8e1c-08a8a1f54fc0",
            "id": "record-manager/214ada2a-db1e-45c8-8e1c-08a8a1f54fc0",
            "realm_id": "record-manager",
            "role_ids": [
              "0a44e4f0-f185-4ff0-8c76-f07126d07df7",
              "106a1180-b83a-44da-bab6-9dca78422d45"
            ]
          },
          "sensitive_attributes": [],
          "private": "bnVsbA==",
          "dependencies": [
            "keycloak_group.role_groups",
            "keycloak_role.realm_roles"
          ]
        }
      ]
    },
    {
      "mode": "managed",
      "type": "keycloak_openid_client",
      "name": "annotator",
      "provider": "provider[\"registry.terraform.io/keycloak/keycloak\"]",
      "instances": [
        {
          "schema_version": 0,
          "attributes": {
            "access_token_lifespan": "",
            "access_type": "CONFIDENTIAL",
            "admin_url": "",
            "allow_refresh_token_in_standard_token_exchange": "",
            "always_display_in_console": false,
            "authentication_flow_binding_overrides": [],
            "authorization": [],
            "backchannel_logout_revoke_offline_sessions": false,
            "backchannel_logout_session_required": true,
            "backchannel_logout_url": "",
            "base_url": "",
            "client_authenticator_type": "client-secret",
            "client_id": "media-asset-annotator",
            "client_offline_session_idle_timeout": "",
            "client_offline_session_max_lifespan": "",
            "client_secret": "fnL9MzXue7qEPCseaMF1kUISgk8ioNuW",
            "client_secret_regenerate_when_changed": null,
            "client_secret_wo": null,
            "client_secret_wo_version": null,
            "client_session_idle_timeout": "",
            "client_session_max_lifespan": "",
            "consent_required": false,
            "consent_screen_text": "",
            "description": "",
            "direct_access_grants_enabled": false,
            "display_on_consent_screen": false,
            "enabled": true,
            "exclude_issuer_from_auth_response": null,
            "exclude_session_state_from_auth_response": null,
            "extra_config": {},
            "frontchannel_logout_enabled": false,
            "frontchannel_logout_url": "",
            "full_scope_allowed": true,
            "id": "78cb65de-1a2c-4016-85cc-3275029b1a79",
            "implicit_flow_enabled": false,
            "import": false,
            "login_theme": "",
            "name": "Media Asset Annotator",
            "oauth2_device_authorization_grant_enabled": false,
            "oauth2_device_code_lifespan": "",
            "oauth2_device_polling_interval": "",
            "pkce_code_challenge_method": null,
            "realm_id": "record-manager",
            "resource_server_id": null,
            "root_url": "",
            "service_account_user_id": "",
            "service_accounts_enabled": false,
            "standard_flow_enabled": true,
            "standard_token_exchange_enabled": false,
            "use_refresh_tokens": true,
            "use_refresh_tokens_client_credentials": false,
            "valid_post_logout_redirect_uris": [
              "http://localhost:1235/*"
            ],
            "valid_redirect_uris": [
              "http://localhost:1235/oauth2/callback"
            ],
            "web_origins": [
              "http://localhost:1235"
            ]
          },
          "sensitive_attributes": [],
          "private": "bnVsbA==",
          "dependencies": [
            "keycloak_realm.realm"
          ]
        }
      ]
    },
    {
      "mode": "managed",
      "type": "keycloak_openid_client",
      "name": "mediacms",
      "provider": "provider[\"registry.terraform.io/keycloak/keycloak\"]",
      "instances": [
        {
          "schema_version": 0,
          "attributes": {
            "access_token_lifespan": "",
            "access_type": "CONFIDENTIAL",
            "admin_url": "",
            "allow_refresh_token_in_standard_token_exchange": "",
            "always_display_in_console": false,
            "authentication_flow_binding_overrides": [],
            "authorization": [],
            "backchannel_logout_revoke_offline_sessions": false,
            "backchannel_logout_session_required": true,
            "backchannel_logout_url": "",
            "base_url": "",
            "client_authenticator_type": "client-secret",
            "client_id": "mediacms",
            "client_offline_session_idle_timeout": "",
            "client_offline_session_max_lifespan": "",
            "client_secret": "0suvLrQyCSB8anG3yl2mnSb7RmtAK3Dy",
            "client_secret_regenerate_when_changed": null,
            "client_secret_wo": null,
            "client_secret_wo_version": null,
            "client_session_idle_timeout": "",
            "client_session_max_lifespan": "",
            "consent_required": false,
            "consent_screen_text": "",
            "description": "",
            "direct_access_grants_enabled": false,
            "display_on_consent_screen": false,
            "enabled": true,
            "exclude_issuer_from_auth_response": null,
            "exclude_session_state_from_auth_response": null,
            "extra_config": {},
            "frontchannel_logout_enabled": false,
            "frontchannel_logout_url": "",
            "full_scope_allowed": true,
            "id": "466dbf9d-9de8-431d-87be-935a69fe7849",
            "implicit_flow_enabled": false,
            "import": false,
            "login_theme": "",
            "name": "MediaCMS",
            "oauth2_device_authorization_grant_enabled": false,
            "oauth2_device_code_lifespan": "",
            "oauth2_device_polling_interval": "",
            "pkce_code_challenge_method": null,
            "realm_id": "record-manager",
            "resource_server_id": null,
            "root_url": "",
            "service_account_user_id": "",
            "service_accounts_enabled": false,
            "standard_flow_enabled": true,
            "standard_token_exchange_enabled": false,
            "use_refresh_tokens": true,
            "use_refresh_tokens_client_credentials": false,
            "valid_post_logout_redirect_uris": [
              "http://localhost:2080/*"
            ],
            "valid_redirect_uris": [
              "http://localhost:2080/accounts/oidc/keycloak/login/callback/"
            ],
            "web_origins": [
              "http://localhost:2080"
            ]
          },
          "sensitive_attributes": [],
          "private": "bnVsbA==",
          "dependencies": [
            "keycloak_realm.realm"
          ]
        }
      ]
    },
    {
      "mode": "managed",
      "type": "keycloak_openid_client_default_scopes",
      "name": "annotator_default_scopes",
      "provider": "provider[\"registry.terraform.io/keycloak/keycloak\"]",
      "instances": [
        {
          "schema_version": 0,
          "attributes": {
            "client_id": "78cb65de-1a2c-4016-85cc-3275029b1a79",
            "default_scopes": [
              "email",
              "profile",
              "realm-roles"
            ],
            "id": "record-manager/78cb65de-1a2c-4016-85cc-3275029b1a79",
            "realm_id": "record-manager"
          },
          "sensitive_attributes": [],
          "private": "bnVsbA==",
          "dependencies": [
            "data.keycloak_openid_client_scope.email",
            "data.keycloak_openid_client_scope.profile",
            "keycloak_openid_client.annotator",
            "keycloak_openid_client_scope.realm_roles_scope",
            "keycloak_realm.realm"
          ]
        }
      ]
    },
    {
      "mode": "managed",
      "type": "keycloak_openid_client_default_scopes",
      "name": "mediacms_default_scopes",
      "provider": "provider[\"registry.terraform.io/keycloak/keycloak\"]",
      "instances": [
        {
          "schema_version": 0,
          "attributes": {
            "client_id": "466dbf9d-9de8-431d-87be-935a69fe7849",
            "default_scopes": [
              "email",
              "profile",
              "realm-roles"
            ],
            "id": "record-manager/466dbf9d-9de8-431d-87be-935a69fe7849",
            "realm_id": "record-manager"
          },
          "sensitive_attributes": [],
          "private": "bnVsbA==",
          "dependencies": [
            "data.keycloak_openid_client_scope.email",
            "data.keycloak_openid_client_scope.profile",
            "keycloak_openid_client.mediacms",
            "keycloak_openid_client_scope.realm_roles_scope",
            "keycloak_realm.realm"
          ]
        }
      ]
    },
    {
      "mode": "managed",
      "type": "keycloak_openid_client_scope",
      "name": "realm_roles_scope",
      "provider": "provider[\"registry.terraform.io/keycloak/keycloak\"]",
      "instances": [
        {
          "schema_version": 0,
          "attributes": {
            "consent_screen_text": null,
            "description": "Adds realm roles to access tokens",
            "gui_order": null,
            "id": "bff91deb-aa33-4fe3-9f16-1fc6c12ef24a",
            "include_in_token_scope": true,
            "name": "realm-roles",
            "realm_id": "record-manager"
          },
          "sensitive_attributes": [],
          "private": "bnVsbA==",
          "dependencies": [
            "keycloak_realm.realm"
          ]
        }
      ]
    },
    {
      "mode": "managed",
      "type": "keycloak_openid_user_realm_role_protocol_mapper",
      "name": "realm_roles_mapper",
      "provider": "provider[\"registry.terraform.io/keycloak/keycloak\"]",
      "instances": [
        {
          "schema_version": 0,
          "attributes": {
            "add_to_access_token": true,
            "add_to_id_token": false,
            "add_to_token_introspection": true,
            "add_to_userinfo": true,
            "claim_name": "realm_access.roles",
            "claim_value_type": "String",
            "client_id": null,
            "client_scope_id": "bff91deb-aa33-4fe3-9f16-1fc6c12ef24a",
            "id": "73deee20-9894-46c2-b096-37f7571b65d9",
            "multivalued": true,
            "name": "realm roles",
            "realm_id": "record-manager",
            "realm_role_prefix": ""
          },
          "sensitive_attributes": [],
          "private": "bnVsbA==",
          "dependencies": [
            "keycloak_openid_client_scope.realm_roles_scope",
            "keycloak_realm.realm"
          ]
        }
      ]
    },
    {
      "mode": "managed",
      "type": "keycloak_realm",
      "name": "realm",
      "provider": "provider[\"registry.terraform.io/keycloak/keycloak\"]",
      "instances": [
        {
          "schema_version": 0,
          "attributes": {
            "access_code_lifespan": "1m0s",
            "access_code_lifespan_login": "30m0s",
            "access_code_lifespan_user_action": "5m0s",
            "access_token_lifespan": "5m0s",
            "access_token_lifespan_for_implicit_flow": "15m0s",
            "account_theme": "",
            "action_token_generated_by_admin_lifespan": "12h0m0s",
            "action_token_generated_by_user_lifespan": "5m0s",
            "admin_theme": "",
            "attributes": {},
            "browser_flow": "browser",
            "client_authentication_flow": "clients",
            "client_session_idle_timeout": "0s",
            "client_session_max_lifespan": "0s",
            "default_default_client_scopes": [],
            "default_optional_client_scopes": [],
            "default_signature_algorithm": "",
            "direct_grant_flow": "direct grant",
            "display_name": "",
            "display_name_html": "",
            "docker_authentication_flow": "docker auth",
            "duplicate_emails_allowed": false,
            "edit_username_allowed": false,
            "email_theme": "",
            "enabled": true,
            "first_broker_login_flow": null,
            "id": "record-manager",
            "internal_id": "7647bef1-9609-47ff-9547-1071b1d6379b",
            "internationalization": [],
            "login_theme": "",
            "login_with_email_allowed": true,
            "oauth2_device_code_lifespan": "10m0s",
            "oauth2_device_polling_interval": 5,
            "offline_session_idle_timeout": "720h0m0s",
            "offline_session_max_lifespan": "1440h0m0s",
            "offline_session_max_lifespan_enabled": false,
            "organizations_enabled": false,
            "otp_policy": [
              {
                "algorithm": "HmacSHA1",
                "digits": 6,
                "initial_counter": 0,
                "look_ahead_window": 1,
                "period": 30,
                "type": "totp"
              }
            ],
            "password_policy": "",
            "realm": "record-manager",
            "refresh_token_max_reuse": 0,
            "registration_allowed": false,
            "registration_email_as_username": false,
            "registration_flow": "registration",
            "remember_me": false,
            "reset_credentials_flow": "reset credentials",
            "reset_password_allowed": false,
            "revoke_refresh_token": false,
            "security_defenses": [],
            "smtp_server": [],
            "ssl_required": "external",
            "sso_session_idle_timeout": "30m0s",
            "sso_session_idle_timeout_remember_me": "0s",
            "sso_session_max_lifespan": "10h0m0s",
            "sso_session_max_lifespan_remember_me": "0s",
            "user_managed_access": false,
            "verify_email": false,
            "web_authn_passwordless_policy": [
              {
                "acceptable_aaguids": [],
                "attestation_conveyance_preference": "not specified",
                "authenticator_attachment": "not specified",
                "avoid_same_authenticator_register": false,
                "create_timeout": 0,
                "extra_origins": [],
                "relying_party_entity_name": "keycloak",
                "relying_party_id": "",
                "require_resident_key": "not specified",
                "signature_algorithms": [
                  "ES256"
                ],
                "user_verification_requirement": "not specified"
              }
            ],
            "web_authn_policy": [
              {
                "acceptable_aaguids": [],
                "attestation_conveyance_preference": "not specified",
                "authenticator_attachment": "not specified",
                "avoid_same_authenticator_register": false,
                "create_timeout": 0,
                "extra_origins": [],
                "relying_party_entity_name": "keycloak",
                "relying_party_id": "",
                "require_resident_key": "not specified",
                "signature_algorithms": [
                  "ES256"
                ],
                "user_verification_requirement": "not specified"
              }
            ]
          },
          "sensitive_attributes": [],
          "private": "bnVsbA=="
        }
      ]
    },
    {
      "mode": "managed",
      "type": "keycloak_role",
      "name": "impersonate_role_composite",
      "provider": "provider[\"registry.terraform.io/keycloak/keycloak\"]",
      "instances": [
        {
          "schema_version": 0,
          "attributes": {
            "attributes": {},
            "client_id": "",
            "composite_roles": [
              "621fb44a-d34a-4085-9573-6d3b1afea63d"
            ],
            "description": "",
            "id": "3f0ed39e-9d48-45e5-b250-aa8078ab48a8",
            "import": false,
            "name": "impersonate-role",
            "realm_id": "record-manager"
          },
          "sensitive_attributes": [],
          "private": "bnVsbA==",
          "dependencies": [
            "data.keycloak_openid_client.realm_management",
            "data.keycloak_role.realm_management_impersonation"
          ]
        }
      ]
    },
    {
      "mode": "managed",
      "type": "keycloak_role",
      "name": "realm_roles",
      "provider": "provider[\"registry.terraform.io/keycloak/keycloak\"]",
      "instances": [
        {
          "index_key": "annotator-access-role",
          "schema_version": 0,
          "attributes": {
            "attributes": {},
            "client_id": "",
            "composite_roles": [],
            "description": "    Allows users to access the media asset annotator.\n",
            "id": "82f6a5a4-0620-498e-ae57-e5a5ebf0705d",
            "import": false,
            "name": "annotator-access-role",
            "realm_id": "record-manager"
          },
          "sensitive_attributes": [],
          "private": "bnVsbA=="
        },
        {
          "index_key": "comment-record-questions-role",
          "schema_version": 0,
          "attributes": {
            "attributes": {},
            "client_id": "",
            "composite_roles": [],
            "description": "Allows users to add comments to questions in records.\n",
            "id": "0a44e4f0-f185-4ff0-8c76-f07126d07df7",
            "import": false,
            "name": "comment-record-questions-role",
            "realm_id": "record-manager"
          },
          "sensitive_attributes": [],
          "private": "bnVsbA=="
        },
        {
          "index_key": "complete-records-role",
          "schema_version": 0,
          "attributes": {
            "attributes": {},
            "client_id": "",
            "composite_roles": [],
            "description": "Allows users to mark records as complete.\n",
            "id": "106a1180-b83a-44da-bab6-9dca78422d45",
            "import": false,
            "name": "complete-records-role",
            "realm_id": "record-manager"
          },
          "sensitive_attributes": [],
          "private": "bnVsbA=="
        },
        {
          "index_key": "import-codelists-role",
          "schema_version": 0,
          "attributes": {
            "attributes": {},
            "client_id": "",
            "composite_roles": [],
            "description": "Allows users to import codelists into the system.\n",
            "id": "b0d6417a-9156-480b-8ca0-b650d24b67e2",
            "import": false,
            "name": "import-codelists-role",
            "realm_id": "record-manager"
          },
          "sensitive_attributes": [],
          "private": "bnVsbA=="
        },
        {
          "index_key": "mediacms-access-role",
          "schema_version": 0,
          "attributes": {
            "attributes": {},
            "client_id": "",
            "composite_roles": [],
            "description": "Allows users to access MediaCMS.\n",
            "id": "1acac007-a251-4833-bb6d-30631deee1c9",
            "import": false,
            "name": "mediacms-access-role",
            "realm_id": "record-manager"
          },
          "sensitive_attributes": [],
          "private": "bnVsbA=="
        },
        {
          "index_key": "publish-records-role",
          "schema_version": 0,
          "attributes": {
            "attributes": {},
            "client_id": "",
            "composite_roles": [],
            "description": "Allows users to publish records.\n",
            "id": "2c50fd15-7c27-4e49-b9e8-02fae4b4d8ff",
            "import": false,
            "name": "publish-records-role",
            "realm_id": "record-manager"
          },
          "sensitive_attributes": [],
          "private": "bnVsbA=="
        },
        {
          "index_key": "read-action-history-role",
          "schema_version": 0,
          "attributes": {
            "attributes": {},
            "client_id": "",
            "composite_roles": [],
            "description": "Allows users to view the history of operations performed in the system.\n",
            "id": "23db12e0-d85d-408c-a744-bbd5fbc24cc4",
            "import": false,
            "name": "read-action-history-role",
            "realm_id": "record-manager"
          },
          "sensitive_attributes": [],
          "private": "bnVsbA=="
        },
        {
          "index_key": "read-all-organizations-role",
          "schema_version": 0,
          "attributes": {
            "attributes": {},
            "client_id": "",
            "composite_roles": [],
            "description": "Allows users to view details of all organizations in the system.\n",
            "id": "5a4499c2-b06c-4b3e-b1d5-4a8c71fad72d",
            "import": false,
            "name": "read-all-organizations-role",
            "realm_id": "record-manager"
          },
          "sensitive_attributes": [],
          "private": "bnVsbA=="
        },
        {
          "index_key": "read-all-records-role",
          "schema_version": 0,
          "attributes": {
            "attributes": {},
            "client_id": "",
            "composite_roles": [],
            "description": "Allows users to read all records in the system, regardless of the organization they belong to.\n",
            "id": "f3ec5117-48f2-47b3-8d13-6fafd5b6fe68",
            "import": false,
            "name": "read-all-records-role",
            "realm_id": "record-manager"
          },
          "sensitive_attributes": [],
          "private": "bnVsbA=="
        },
        {
          "index_key": "read-all-users-role",
          "schema_version": 0,
          "attributes": {
            "attributes": {},
            "client_id": "",
            "composite_roles": [],
            "description": "Allows users to view the details of all users in the system, regardless of their organization.\n",
            "id": "2d6ca2cd-89d7-428c-90dd-0e51190aeeab",
            "import": false,
            "name": "read-all-users-role",
            "realm_id": "record-manager"
          },
          "sensitive_attributes": [],
          "private": "bnVsbA=="
        },
        {
          "index_key": "read-organization-records-role",
          "schema_version": 0,
          "attributes": {
            "attributes": {},
            "client_id": "",
            "composite_roles": [],
            "description": "Allows users to read records belonging to their own organization only.\n",
            "id": "cae43200-8ccd-4be4-a5d1-787ee477a0dd",
            "import": false,
            "name": "read-organization-records-role",
            "realm_id": "record-manager"
          },
          "sensitive_attributes": [],
          "private": "bnVsbA=="
        },
        {
          "index_key": "read-organization-role",
          "schema_version": 0,
          "attributes": {
            "attributes": {},
            "client_id": "",
            "composite_roles": [],
            "description": "Allows users to view details about the user’s own organization, such as its name or email.\n",
            "id": "a02a50cd-8c6b-40cb-b5e2-ccf3923d8b99",
            "import": false,
            "name": "read-organization-role",
            "realm_id": "record-manager"
          },
          "sensitive_attributes": [],
          "private": "bnVsbA=="
        },
        {
          "index_key": "read-organization-users-role",
          "schema_version": 0,
          "attributes": {
            "attributes": {},
            "client_id": "",
            "composite_roles": [],
            "description": "Allows users to view the details of users within their own organization only.\n",
            "id": "6cd7b860-4c87-4975-b984-3bcd7871c911",
            "import": false,
            "name": "read-organization-users-role",
            "realm_id": "record-manager"
          },
          "sensitive_attributes": [],
          "private": "bnVsbA=="
        },
        {
          "index_key": "read-statistics-role",
          "schema_version": 0,
          "attributes": {
            "attributes": {},
            "client_id": "",
            "composite_roles": [],
            "description": "Allows users to view statistical reports about the system’s data.\n",
            "id": "a2aad1a1-b009-4da6-8042-3ec05676961a",
            "import": false,
            "name": "read-statistics-role",
            "realm_id": "record-manager"
          },
          "sensitive_attributes": [],
          "private": "bnVsbA=="
        },
        {
          "index_key": "reject-records-role",
          "schema_version": 0,
          "attributes": {
            "attributes": {},
            "client_id": "",
            "composite_roles": [],
            "description": "Allows users to reject records.\n",
            "id": "1d994f23-c39a-496b-b2fb-fa847718e8dc",
            "import": false,
            "name": "reject-records-role",
            "realm_id": "record-manager"
          },
          "sensitive_attributes": [],
          "private": "bnVsbA=="
        },
        {
          "index_key": "write-all-organizations-role",
          "schema_version": 0,
          "attributes": {
            "attributes": {},
            "client_id": "",
            "composite_roles": [],
            "description": "Allows users to create, update, or delete any organization in the system.\n",
            "id": "27e674b9-5b0f-4d79-95fe-d343e51baaac",
            "import": false,
            "name": "write-all-organizations-role",
            "realm_id": "record-manager"
          },
          "sensitive_attributes": [],
          "private": "bnVsbA=="
        },
        {
          "index_key": "write-all-records-role",
          "schema_version": 0,
          "attributes": {
            "attributes": {},
            "client_id": "",
            "composite_roles": [],
            "description": "Allows users to create, update, or delete any record in the system, regardless of organization.\n",
            "id": "3fa6dafd-66a4-4947-b373-c542d88edc5a",
            "import": false,
            "name": "write-all-records-role",
            "realm_id": "record-manager"
          },
          "sensitive_attributes": [],
          "private": "bnVsbA=="
        },
        {
          "index_key": "write-all-users-role",
          "schema_version": 0,
          "attributes": {
            "attributes": {},
            "client_id": "",
            "composite_roles": [],
            "description": "Allows users to create, update, or delete any user account in the system, including modifying user attributes.\n",
            "id": "4ec57a68-d644-4b5d-9ab3-c4630e8edfca",
            "import": false,
            "name": "write-all-users-role",
            "realm_id": "record-manager"
          },
          "sensitive_attributes": [],
          "private": "bnVsbA=="
        },
        {
          "index_key": "write-organization-records-role",
          "schema_version": 0,
          "attributes": {
            "attributes": {},
            "client_id": "",
            "composite_roles": [],
            "description": "Allows users to create, update, or delete records within their own organization only.\n",
            "id": "bf29e3ca-4d81-40d9-962b-f90a5b81829e",
            "import": false,
            "name": "write-organization-records-role",
            "realm_id": "record-manager"
          },
          "sensitive_attributes": [],
          "private": "bnVsbA=="
        },
        {
          "index_key": "write-organization-role",
          "schema_version": 0,
          "attributes": {
            "attributes": {},
            "client_id": "",
            "composite_roles": [],
            "description": "Allows users to modify their own organization’s details, such as updating its name or email.\n",
            "id": "81617763-93b5-48b3-8f75-a412b1e41973",
            "import": false,
            "name": "write-organization-role",
            "realm_id": "record-manager"
          },
          "sensitive_attributes": [],
          "private": "bnVsbA=="
        },
        {
          "index_key": "write-organization-users-role",
          "schema_version": 0,
          "attributes": {
            "attributes": {},
            "client_id": "",
            "composite_roles": [],
            "description": "Allows users to create, update, or delete user accounts within their own organization only.\n",
            "id": "493549ac-fb2d-44b1-bb7c-09da4ab02ce0",
            "import": false,
            "name": "write-organization-users-role",
            "realm_id": "record-manager"
          },
          "sensitive_attributes": [],
          "private": "bnVsbA=="
        }
      ]
    }
  ],
  "check_results": null
}
